{
  "object": {
    "pins": [
      {
        "package": "PinLayout",
        "repositoryURL": "https://github.com/layoutBox/PinLayout",
        "state": {
          "branch": null,
          "revision": "ce929a6ecdc6701adee9bdf9d949e0036f567ca7",
          "version": "1.10.4"
        }
      }
    ]
  },
  "version": 1
}
