// !$*UTF8*$!
{
	archiveVersion = 1;
	classes = {
	};
	objectVersion = 56;
	objects = {

/* Begin PBXBuildFile section */
		252E2B2B29C1E01000474465 /* SectionManagerTests.swift in Sources */ = {isa = PBXBuildFile; fileRef = 252E2B2A29C1E01000474465 /* SectionManagerTests.swift */; };
		2531AA46299D542E00EFA891 /* TaskRepository.swift in Sources */ = {isa = PBXBuildFile; fileRef = 2531AA45299D542E00EFA891 /* TaskRepository.swift */; };
		2569096D29A24A9F00A0129C /* TaskListPresenter.swift in Sources */ = {isa = PBXBuildFile; fileRef = 2569096C29A24A9F00A0129C /* TaskListPresenter.swift */; };
		2580E4CB29B9BE9D00C54457 /* LoginAssembly.swift in Sources */ = {isa = PBXBuildFile; fileRef = 2580E4CA29B9BE9D00C54457 /* LoginAssembly.swift */; };
		2580E4CD29B9BFC400C54457 /* TaskListAssembly.swift in Sources */ = {isa = PBXBuildFile; fileRef = 2580E4CC29B9BFC400C54457 /* TaskListAssembly.swift */; };
		258DB09D29A0E9D300C03B47 /* SectionManager.swift in Sources */ = {isa = PBXBuildFile; fileRef = 258DB09C29A0E9D300C03B47 /* SectionManager.swift */; };
		258DB09F29A11C6500C03B47 /* OrderedTaskManager.swift in Sources */ = {isa = PBXBuildFile; fileRef = 258DB09E29A11C6500C03B47 /* OrderedTaskManager.swift */; };
		25B6BFCB2999161800C3A43F /* AppDelegate.swift in Sources */ = {isa = PBXBuildFile; fileRef = 25B6BFCA2999161800C3A43F /* AppDelegate.swift */; };
		25B6BFCD2999161800C3A43F /* SceneDelegate.swift in Sources */ = {isa = PBXBuildFile; fileRef = 25B6BFCC2999161800C3A43F /* SceneDelegate.swift */; };
		25B6BFCF2999161800C3A43F /* TaskListViewController.swift in Sources */ = {isa = PBXBuildFile; fileRef = 25B6BFCE2999161800C3A43F /* TaskListViewController.swift */; };
		25B6BFD42999161900C3A43F /* Assets.xcassets in Resources */ = {isa = PBXBuildFile; fileRef = 25B6BFD32999161900C3A43F /* Assets.xcassets */; };
		25B6BFD72999161900C3A43F /* LaunchScreen.storyboard in Resources */ = {isa = PBXBuildFile; fileRef = 25B6BFD52999161900C3A43F /* LaunchScreen.storyboard */; };
		25B6BFE02999570A00C3A43F /* Task.swift in Sources */ = {isa = PBXBuildFile; fileRef = 25B6BFDF2999570A00C3A43F /* Task.swift */; };
		25B6BFE32999576300C3A43F /* TaskManager.swift in Sources */ = {isa = PBXBuildFile; fileRef = 25B6BFE22999576300C3A43F /* TaskManager.swift */; };
		25B6BFE829995C6000C3A43F /* CellViewModel.swift in Sources */ = {isa = PBXBuildFile; fileRef = 25B6BFE729995C6000C3A43F /* CellViewModel.swift */; };
		25B6BFF129995F1700C3A43F /* RegularTaskTableViewCell.swift in Sources */ = {isa = PBXBuildFile; fileRef = 25B6BFEF29995F1700C3A43F /* RegularTaskTableViewCell.swift */; };
		25B6BFF929995F6E00C3A43F /* ImportantTaskTableViewCell.swift in Sources */ = {isa = PBXBuildFile; fileRef = 25B6BFF729995F6E00C3A43F /* ImportantTaskTableViewCell.swift */; };
		25B6BFFC2999621F00C3A43F /* Constants.swift in Sources */ = {isa = PBXBuildFile; fileRef = 25B6BFFB2999621F00C3A43F /* Constants.swift */; };
		25B6BFFF2999634600C3A43F /* UITableView.swift in Sources */ = {isa = PBXBuildFile; fileRef = 25B6BFFE2999634600C3A43F /* UITableView.swift */; };
		25B6C00129996C9D00C3A43F /* Date.swift in Sources */ = {isa = PBXBuildFile; fileRef = 25B6C00029996C9D00C3A43F /* Date.swift */; };
		25CF686029A63B7C00E758E7 /* TaskListModel.swift in Sources */ = {isa = PBXBuildFile; fileRef = 25CF685F29A63B7C00E758E7 /* TaskListModel.swift */; };
		25CF686729A64B4B00E758E7 /* LoginPresenter.swift in Sources */ = {isa = PBXBuildFile; fileRef = 25CF686129A64B4A00E758E7 /* LoginPresenter.swift */; };
		25CF686829A64B4B00E758E7 /* LoginWorker.swift in Sources */ = {isa = PBXBuildFile; fileRef = 25CF686229A64B4A00E758E7 /* LoginWorker.swift */; };
		25CF686929A64B4B00E758E7 /* LoginRouter.swift in Sources */ = {isa = PBXBuildFile; fileRef = 25CF686329A64B4A00E758E7 /* LoginRouter.swift */; };
		25CF686A29A64B4B00E758E7 /* LoginModels.swift in Sources */ = {isa = PBXBuildFile; fileRef = 25CF686429A64B4A00E758E7 /* LoginModels.swift */; };
		25CF686B29A64B4B00E758E7 /* LoginViewController.swift in Sources */ = {isa = PBXBuildFile; fileRef = 25CF686529A64B4A00E758E7 /* LoginViewController.swift */; };
		25CF686C29A64B4B00E758E7 /* LoginInteractor.swift in Sources */ = {isa = PBXBuildFile; fileRef = 25CF686629A64B4A00E758E7 /* LoginInteractor.swift */; };
		25CF686F29A64BAB00E758E7 /* LoginStoryboard.storyboard in Resources */ = {isa = PBXBuildFile; fileRef = 25CF686E29A64BAB00E758E7 /* LoginStoryboard.storyboard */; };
		25CF688329A6721B00E758E7 /* TaskLisInteractor.swift in Sources */ = {isa = PBXBuildFile; fileRef = 25CF687D29A6721B00E758E7 /* TaskLisInteractor.swift */; };
		8AC27F2629BE54E2003CB794 /* OrderedTaskManagerTests.swift in Sources */ = {isa = PBXBuildFile; fileRef = ABEA35A129BD28E300A6BE03 /* OrderedTaskManagerTests.swift */; };
		8AC27F2729BE54E6003CB794 /* RegularTaskModelTests.swift in Sources */ = {isa = PBXBuildFile; fileRef = 6083E86A29BCCC440048E61E /* RegularTaskModelTests.swift */; };
		8AC27F2829BE54E6003CB794 /* TaskModelTests.swift in Sources */ = {isa = PBXBuildFile; fileRef = 6044056329BCBD79007B5B99 /* TaskModelTests.swift */; };
		8AC27F2929BE54E6003CB794 /* ImportantTaskModelTests.swift in Sources */ = {isa = PBXBuildFile; fileRef = 6083E86829BCCC290048E61E /* ImportantTaskModelTests.swift */; };
		8AC27F2E29BE5606003CB794 /* TaskManagerTests.swift in Sources */ = {isa = PBXBuildFile; fileRef = 8AC27F2D29BE5606003CB794 /* TaskManagerTests.swift */; };
		8AC27F3729BE58B1003CB794 /* ImportantTask.swift in Sources */ = {isa = PBXBuildFile; fileRef = 8AC27F3629BE58B1003CB794 /* ImportantTask.swift */; };
		8AC27F3929BE5969003CB794 /* RegularTask.swift in Sources */ = {isa = PBXBuildFile; fileRef = 8AC27F3829BE5969003CB794 /* RegularTask.swift */; };
/* End PBXBuildFile section */

/* Begin PBXContainerItemProxy section */
		8AC27F2129BE54DD003CB794 /* PBXContainerItemProxy */ = {
			isa = PBXContainerItemProxy;
			containerPortal = 25B6BFBF2999161800C3A43F /* Project object */;
			proxyType = 1;
			remoteGlobalIDString = 25B6BFC62999161800C3A43F;
			remoteInfo = taskManager;
		};
/* End PBXContainerItemProxy section */

/* Begin PBXFileReference section */
		252E2B2A29C1E01000474465 /* SectionManagerTests.swift */ = {isa = PBXFileReference; lastKnownFileType = sourcecode.swift; name = SectionManagerTests.swift; path = TaskManagerTests/Services/SectionManagerTests.swift; sourceTree = SOURCE_ROOT; };
		2531AA45299D542E00EFA891 /* TaskRepository.swift */ = {isa = PBXFileReference; lastKnownFileType = sourcecode.swift; path = TaskRepository.swift; sourceTree = "<group>"; };
		2569096C29A24A9F00A0129C /* TaskListPresenter.swift */ = {isa = PBXFileReference; lastKnownFileType = sourcecode.swift; path = TaskListPresenter.swift; sourceTree = "<group>"; };
		2580E4CA29B9BE9D00C54457 /* LoginAssembly.swift */ = {isa = PBXFileReference; lastKnownFileType = sourcecode.swift; path = LoginAssembly.swift; sourceTree = "<group>"; };
		2580E4CC29B9BFC400C54457 /* TaskListAssembly.swift */ = {isa = PBXFileReference; lastKnownFileType = sourcecode.swift; path = TaskListAssembly.swift; sourceTree = "<group>"; };
		258DB09C29A0E9D300C03B47 /* SectionManager.swift */ = {isa = PBXFileReference; lastKnownFileType = sourcecode.swift; path = SectionManager.swift; sourceTree = "<group>"; };
		258DB09E29A11C6500C03B47 /* OrderedTaskManager.swift */ = {isa = PBXFileReference; lastKnownFileType = sourcecode.swift; path = OrderedTaskManager.swift; sourceTree = "<group>"; };
		25B6BFC72999161800C3A43F /* taskManager.app */ = {isa = PBXFileReference; explicitFileType = wrapper.application; includeInIndex = 0; path = taskManager.app; sourceTree = BUILT_PRODUCTS_DIR; };
		25B6BFCA2999161800C3A43F /* AppDelegate.swift */ = {isa = PBXFileReference; lastKnownFileType = sourcecode.swift; path = AppDelegate.swift; sourceTree = "<group>"; };
		25B6BFCC2999161800C3A43F /* SceneDelegate.swift */ = {isa = PBXFileReference; lastKnownFileType = sourcecode.swift; path = SceneDelegate.swift; sourceTree = "<group>"; };
		25B6BFCE2999161800C3A43F /* TaskListViewController.swift */ = {isa = PBXFileReference; lastKnownFileType = sourcecode.swift; path = TaskListViewController.swift; sourceTree = "<group>"; };
		25B6BFD32999161900C3A43F /* Assets.xcassets */ = {isa = PBXFileReference; lastKnownFileType = folder.assetcatalog; path = Assets.xcassets; sourceTree = "<group>"; };
		25B6BFD62999161900C3A43F /* Base */ = {isa = PBXFileReference; lastKnownFileType = file.storyboard; name = Base; path = Base.lproj/LaunchScreen.storyboard; sourceTree = "<group>"; };
		25B6BFD82999161900C3A43F /* Info.plist */ = {isa = PBXFileReference; lastKnownFileType = text.plist.xml; path = Info.plist; sourceTree = "<group>"; };
		25B6BFDF2999570A00C3A43F /* Task.swift */ = {isa = PBXFileReference; lastKnownFileType = sourcecode.swift; path = Task.swift; sourceTree = "<group>"; };
		25B6BFE22999576300C3A43F /* TaskManager.swift */ = {isa = PBXFileReference; lastKnownFileType = sourcecode.swift; path = TaskManager.swift; sourceTree = "<group>"; };
		25B6BFE729995C6000C3A43F /* CellViewModel.swift */ = {isa = PBXFileReference; lastKnownFileType = sourcecode.swift; path = CellViewModel.swift; sourceTree = "<group>"; };
		25B6BFEF29995F1700C3A43F /* RegularTaskTableViewCell.swift */ = {isa = PBXFileReference; lastKnownFileType = sourcecode.swift; path = RegularTaskTableViewCell.swift; sourceTree = "<group>"; };
		25B6BFF729995F6E00C3A43F /* ImportantTaskTableViewCell.swift */ = {isa = PBXFileReference; lastKnownFileType = sourcecode.swift; path = ImportantTaskTableViewCell.swift; sourceTree = "<group>"; };
		25B6BFFB2999621F00C3A43F /* Constants.swift */ = {isa = PBXFileReference; lastKnownFileType = sourcecode.swift; path = Constants.swift; sourceTree = "<group>"; };
		25B6BFFE2999634600C3A43F /* UITableView.swift */ = {isa = PBXFileReference; lastKnownFileType = sourcecode.swift; path = UITableView.swift; sourceTree = "<group>"; };
		25B6C00029996C9D00C3A43F /* Date.swift */ = {isa = PBXFileReference; lastKnownFileType = sourcecode.swift; path = Date.swift; sourceTree = "<group>"; };
		25CF685F29A63B7C00E758E7 /* TaskListModel.swift */ = {isa = PBXFileReference; lastKnownFileType = sourcecode.swift; path = TaskListModel.swift; sourceTree = "<group>"; };
		25CF686129A64B4A00E758E7 /* LoginPresenter.swift */ = {isa = PBXFileReference; lastKnownFileType = sourcecode.swift; name = LoginPresenter.swift; path = taskManager/Scenes/Login/LoginPresenter.swift; sourceTree = SOURCE_ROOT; };
		25CF686229A64B4A00E758E7 /* LoginWorker.swift */ = {isa = PBXFileReference; lastKnownFileType = sourcecode.swift; name = LoginWorker.swift; path = taskManager/Scenes/Login/LoginWorker.swift; sourceTree = SOURCE_ROOT; };
		25CF686329A64B4A00E758E7 /* LoginRouter.swift */ = {isa = PBXFileReference; lastKnownFileType = sourcecode.swift; name = LoginRouter.swift; path = taskManager/Scenes/Login/LoginRouter.swift; sourceTree = SOURCE_ROOT; };
		25CF686429A64B4A00E758E7 /* LoginModels.swift */ = {isa = PBXFileReference; lastKnownFileType = sourcecode.swift; name = LoginModels.swift; path = taskManager/Scenes/Login/LoginModels.swift; sourceTree = SOURCE_ROOT; };
		25CF686529A64B4A00E758E7 /* LoginViewController.swift */ = {isa = PBXFileReference; lastKnownFileType = sourcecode.swift; name = LoginViewController.swift; path = taskManager/Scenes/Login/LoginViewController.swift; sourceTree = SOURCE_ROOT; };
		25CF686629A64B4A00E758E7 /* LoginInteractor.swift */ = {isa = PBXFileReference; lastKnownFileType = sourcecode.swift; name = LoginInteractor.swift; path = taskManager/Scenes/Login/LoginInteractor.swift; sourceTree = SOURCE_ROOT; };
		25CF686E29A64BAB00E758E7 /* LoginStoryboard.storyboard */ = {isa = PBXFileReference; lastKnownFileType = file.storyboard; path = LoginStoryboard.storyboard; sourceTree = "<group>"; };
		25CF687D29A6721B00E758E7 /* TaskLisInteractor.swift */ = {isa = PBXFileReference; lastKnownFileType = sourcecode.swift; path = TaskLisInteractor.swift; sourceTree = "<group>"; };
		6044056329BCBD79007B5B99 /* TaskModelTests.swift */ = {isa = PBXFileReference; lastKnownFileType = sourcecode.swift; path = TaskModelTests.swift; sourceTree = "<group>"; };
		6083E86829BCCC290048E61E /* ImportantTaskModelTests.swift */ = {isa = PBXFileReference; lastKnownFileType = sourcecode.swift; path = ImportantTaskModelTests.swift; sourceTree = "<group>"; };
		6083E86A29BCCC440048E61E /* RegularTaskModelTests.swift */ = {isa = PBXFileReference; lastKnownFileType = sourcecode.swift; path = RegularTaskModelTests.swift; sourceTree = "<group>"; };
		8AC27F1D29BE54DD003CB794 /* taskManagerTests.xctest */ = {isa = PBXFileReference; explicitFileType = wrapper.cfbundle; includeInIndex = 0; path = taskManagerTests.xctest; sourceTree = BUILT_PRODUCTS_DIR; };
		8AC27F2D29BE5606003CB794 /* TaskManagerTests.swift */ = {isa = PBXFileReference; fileEncoding = 4; lastKnownFileType = sourcecode.swift; path = TaskManagerTests.swift; sourceTree = "<group>"; };
		8AC27F3629BE58B1003CB794 /* ImportantTask.swift */ = {isa = PBXFileReference; lastKnownFileType = sourcecode.swift; path = ImportantTask.swift; sourceTree = "<group>"; };
		8AC27F3829BE5969003CB794 /* RegularTask.swift */ = {isa = PBXFileReference; lastKnownFileType = sourcecode.swift; path = RegularTask.swift; sourceTree = "<group>"; };
		ABEA35A129BD28E300A6BE03 /* OrderedTaskManagerTests.swift */ = {isa = PBXFileReference; lastKnownFileType = sourcecode.swift; path = OrderedTaskManagerTests.swift; sourceTree = "<group>"; };
/* End PBXFileReference section */

/* Begin PBXFrameworksBuildPhase section */
		25B6BFC42999161800C3A43F /* Frameworks */ = {
			isa = PBXFrameworksBuildPhase;
			buildActionMask = 2147483647;
			files = (
			);
			runOnlyForDeploymentPostprocessing = 0;
		};
		8AC27F1A29BE54DD003CB794 /* Frameworks */ = {
			isa = PBXFrameworksBuildPhase;
			buildActionMask = 2147483647;
			files = (
			);
			runOnlyForDeploymentPostprocessing = 0;
		};
/* End PBXFrameworksBuildPhase section */

/* Begin PBXGroup section */
		25B6BFBE2999161800C3A43F = {
			isa = PBXGroup;
			children = (
				25B6BFC92999161800C3A43F /* taskManager */,
				8AC27F1E29BE54DD003CB794 /* taskManagerTests */,
				25B6BFC82999161800C3A43F /* Products */,
			);
			sourceTree = "<group>";
		};
		25B6BFC82999161800C3A43F /* Products */ = {
			isa = PBXGroup;
			children = (
				25B6BFC72999161800C3A43F /* taskManager.app */,
				8AC27F1D29BE54DD003CB794 /* taskManagerTests.xctest */,
			);
			name = Products;
			sourceTree = "<group>";
		};
		25B6BFC92999161800C3A43F /* taskManager */ = {
			isa = PBXGroup;
			children = (
				8AC27F3529BE585C003CB794 /* Models */,
				8AC27F3329BE57D3003CB794 /* Default */,
				8AC27F3229BE57B9003CB794 /* Helpers */,
				8AC27F2F29BE565A003CB794 /* Scenes */,
				25B6BFE12999575900C3A43F /* Services */,
				25B6BFD82999161900C3A43F /* Info.plist */,
			);
			path = taskManager;
			sourceTree = "<group>";
		};
		25B6BFE12999575900C3A43F /* Services */ = {
			isa = PBXGroup;
			children = (
				258DB09E29A11C6500C03B47 /* OrderedTaskManager.swift */,
				25B6BFE22999576300C3A43F /* TaskManager.swift */,
				2531AA45299D542E00EFA891 /* TaskRepository.swift */,
				258DB09C29A0E9D300C03B47 /* SectionManager.swift */,
			);
			path = Services;
			sourceTree = "<group>";
		};
		25B6BFE629995C3D00C3A43F /* View */ = {
			isa = PBXGroup;
			children = (
				25B6BFE929995C9E00C3A43F /* Cell */,
			);
			path = View;
			sourceTree = "<group>";
		};
		25B6BFE929995C9E00C3A43F /* Cell */ = {
			isa = PBXGroup;
			children = (
				25B6BFF429995F4700C3A43F /* ImportantTask */,
				25B6BFF329995F1C00C3A43F /* RegularTask */,
			);
			path = Cell;
			sourceTree = "<group>";
		};
		25B6BFF329995F1C00C3A43F /* RegularTask */ = {
			isa = PBXGroup;
			children = (
				25B6BFEF29995F1700C3A43F /* RegularTaskTableViewCell.swift */,
			);
			path = RegularTask;
			sourceTree = "<group>";
		};
		25B6BFF429995F4700C3A43F /* ImportantTask */ = {
			isa = PBXGroup;
			children = (
				25B6BFF729995F6E00C3A43F /* ImportantTaskTableViewCell.swift */,
			);
			path = ImportantTask;
			sourceTree = "<group>";
		};
		25B6BFFD2999633800C3A43F /* Extensions */ = {
			isa = PBXGroup;
			children = (
				25B6BFFE2999634600C3A43F /* UITableView.swift */,
				25B6C00029996C9D00C3A43F /* Date.swift */,
			);
			path = Extensions;
			sourceTree = "<group>";
		};
		8AC27F1E29BE54DD003CB794 /* taskManagerTests */ = {
			isa = PBXGroup;
			children = (
				8AC27F2C29BE54FB003CB794 /* Services */,
				8AC27F2B29BE54EE003CB794 /* Models */,
			);
			path = taskManagerTests;
			sourceTree = "<group>";
		};
		8AC27F2B29BE54EE003CB794 /* Models */ = {
			isa = PBXGroup;
			children = (
				6044056329BCBD79007B5B99 /* TaskModelTests.swift */,
				6083E86A29BCCC440048E61E /* RegularTaskModelTests.swift */,
				6083E86829BCCC290048E61E /* ImportantTaskModelTests.swift */,
			);
			path = Models;
			sourceTree = "<group>";
		};
		8AC27F2C29BE54FB003CB794 /* Services */ = {
			isa = PBXGroup;
			children = (
				8AC27F2D29BE5606003CB794 /* TaskManagerTests.swift */,
				ABEA35A129BD28E300A6BE03 /* OrderedTaskManagerTests.swift */,
				252E2B2A29C1E01000474465 /* SectionManagerTests.swift */,
			);
			path = Services;
			sourceTree = "<group>";
		};
		8AC27F2F29BE565A003CB794 /* Scenes */ = {
			isa = PBXGroup;
			children = (
				8AC27F3129BE5752003CB794 /* Login */,
				8AC27F3029BE566F003CB794 /* TaskList */,
			);
			path = Scenes;
			sourceTree = "<group>";
		};
		8AC27F3029BE566F003CB794 /* TaskList */ = {
			isa = PBXGroup;
			children = (
				25B6BFE629995C3D00C3A43F /* View */,
				25B6BFCE2999161800C3A43F /* TaskListViewController.swift */,
				2569096C29A24A9F00A0129C /* TaskListPresenter.swift */,
				25CF687D29A6721B00E758E7 /* TaskLisInteractor.swift */,
				25CF685F29A63B7C00E758E7 /* TaskListModel.swift */,
				2580E4CC29B9BFC400C54457 /* TaskListAssembly.swift */,
			);
			path = TaskList;
			sourceTree = "<group>";
		};
		8AC27F3129BE5752003CB794 /* Login */ = {
			isa = PBXGroup;
			children = (
				25CF686129A64B4A00E758E7 /* LoginPresenter.swift */,
				25CF686229A64B4A00E758E7 /* LoginWorker.swift */,
				25CF686329A64B4A00E758E7 /* LoginRouter.swift */,
				25CF686429A64B4A00E758E7 /* LoginModels.swift */,
				25CF686529A64B4A00E758E7 /* LoginViewController.swift */,
				25CF686629A64B4A00E758E7 /* LoginInteractor.swift */,
				25CF686E29A64BAB00E758E7 /* LoginStoryboard.storyboard */,
				2580E4CA29B9BE9D00C54457 /* LoginAssembly.swift */,
			);
			path = Login;
			sourceTree = "<group>";
		};
		8AC27F3229BE57B9003CB794 /* Helpers */ = {
			isa = PBXGroup;
			children = (
				25B6BFE729995C6000C3A43F /* CellViewModel.swift */,
				25B6BFFB2999621F00C3A43F /* Constants.swift */,
				25B6BFFD2999633800C3A43F /* Extensions */,
			);
			path = Helpers;
			sourceTree = "<group>";
		};
		8AC27F3329BE57D3003CB794 /* Default */ = {
			isa = PBXGroup;
			children = (
				8AC27F3429BE57FF003CB794 /* Resources */,
				25B6BFD52999161900C3A43F /* LaunchScreen.storyboard */,
				25B6BFCA2999161800C3A43F /* AppDelegate.swift */,
				25B6BFCC2999161800C3A43F /* SceneDelegate.swift */,
			);
			path = Default;
			sourceTree = "<group>";
		};
		8AC27F3429BE57FF003CB794 /* Resources */ = {
			isa = PBXGroup;
			children = (
				25B6BFD32999161900C3A43F /* Assets.xcassets */,
			);
			path = Resources;
			sourceTree = "<group>";
		};
		8AC27F3529BE585C003CB794 /* Models */ = {
			isa = PBXGroup;
			children = (
				8AC27F3A29BE5976003CB794 /* Task */,
			);
			path = Models;
			sourceTree = "<group>";
		};
		8AC27F3A29BE5976003CB794 /* Task */ = {
			isa = PBXGroup;
			children = (
				25B6BFDF2999570A00C3A43F /* Task.swift */,
				8AC27F3629BE58B1003CB794 /* ImportantTask.swift */,
				8AC27F3829BE5969003CB794 /* RegularTask.swift */,
			);
			path = Task;
			sourceTree = "<group>";
		};
/* End PBXGroup section */

/* Begin PBXNativeTarget section */
		25B6BFC62999161800C3A43F /* taskManager */ = {
			isa = PBXNativeTarget;
			buildConfigurationList = 25B6BFDB2999161900C3A43F /* Build configuration list for PBXNativeTarget "taskManager" */;
			buildPhases = (
				25B6BFC32999161800C3A43F /* Sources */,
				25B6BFC42999161800C3A43F /* Frameworks */,
				25B6BFC52999161800C3A43F /* Resources */,
				8A019A0A29BC92F400F5514B /* SwiftLint */,
			);
			buildRules = (
			);
			dependencies = (
			);
			name = taskManager;
			productName = taskManager;
			productReference = 25B6BFC72999161800C3A43F /* taskManager.app */;
			productType = "com.apple.product-type.application";
		};
		8AC27F1C29BE54DD003CB794 /* taskManagerTests */ = {
			isa = PBXNativeTarget;
			buildConfigurationList = 8AC27F2329BE54DD003CB794 /* Build configuration list for PBXNativeTarget "taskManagerTests" */;
			buildPhases = (
				8AC27F1929BE54DD003CB794 /* Sources */,
				8AC27F1A29BE54DD003CB794 /* Frameworks */,
				8AC27F1B29BE54DD003CB794 /* Resources */,
			);
			buildRules = (
			);
			dependencies = (
				8AC27F2229BE54DD003CB794 /* PBXTargetDependency */,
			);
			name = taskManagerTests;
			productName = taskManagerTests;
			productReference = 8AC27F1D29BE54DD003CB794 /* taskManagerTests.xctest */;
			productType = "com.apple.product-type.bundle.unit-test";
		};
/* End PBXNativeTarget section */

/* Begin PBXProject section */
		25B6BFBF2999161800C3A43F /* Project object */ = {
			isa = PBXProject;
			attributes = {
				BuildIndependentTargetsInParallel = 1;
				LastSwiftUpdateCheck = 1420;
				LastUpgradeCheck = 1420;
				TargetAttributes = {
					25B6BFC62999161800C3A43F = {
						CreatedOnToolsVersion = 14.1;
					};
					8AC27F1C29BE54DD003CB794 = {
						CreatedOnToolsVersion = 14.2;
						TestTargetID = 25B6BFC62999161800C3A43F;
					};
				};
			};
			buildConfigurationList = 25B6BFC22999161800C3A43F /* Build configuration list for PBXProject "taskManager" */;
			compatibilityVersion = "Xcode 14.0";
			developmentRegion = en;
			hasScannedForEncodings = 0;
			knownRegions = (
				en,
				Base,
			);
			mainGroup = 25B6BFBE2999161800C3A43F;
			productRefGroup = 25B6BFC82999161800C3A43F /* Products */;
			projectDirPath = "";
			projectRoot = "";
			targets = (
				25B6BFC62999161800C3A43F /* taskManager */,
				8AC27F1C29BE54DD003CB794 /* taskManagerTests */,
			);
		};
/* End PBXProject section */

/* Begin PBXResourcesBuildPhase section */
		25B6BFC52999161800C3A43F /* Resources */ = {
			isa = PBXResourcesBuildPhase;
			buildActionMask = 2147483647;
			files = (
				25CF686F29A64BAB00E758E7 /* LoginStoryboard.storyboard in Resources */,
				25B6BFD72999161900C3A43F /* LaunchScreen.storyboard in Resources */,
				25B6BFD42999161900C3A43F /* Assets.xcassets in Resources */,
			);
			runOnlyForDeploymentPostprocessing = 0;
		};
		8AC27F1B29BE54DD003CB794 /* Resources */ = {
			isa = PBXResourcesBuildPhase;
			buildActionMask = 2147483647;
			files = (
			);
			runOnlyForDeploymentPostprocessing = 0;
		};
/* End PBXResourcesBuildPhase section */

/* Begin PBXShellScriptBuildPhase section */
		8A019A0A29BC92F400F5514B /* SwiftLint */ = {
			isa = PBXShellScriptBuildPhase;
			buildActionMask = 2147483647;
			files = (
			);
			inputFileListPaths = (
			);
			inputPaths = (
			);
			name = SwiftLint;
			outputFileListPaths = (
			);
			outputPaths = (
			);
			runOnlyForDeploymentPostprocessing = 0;
			shellPath = /bin/sh;
			shellScript = "export PATH=\"$PATH:/opt/homebrew/bin\"\nif which swiftlint > /dev/null; then\n  swiftlint\nelse\n  echo \"warning: SwiftLint not installed, download from https://github.com/realm/SwiftLint\"\nfi\n";
		};
/* End PBXShellScriptBuildPhase section */

/* Begin PBXSourcesBuildPhase section */
		25B6BFC32999161800C3A43F /* Sources */ = {
			isa = PBXSourcesBuildPhase;
			buildActionMask = 2147483647;
			files = (
				25CF686B29A64B4B00E758E7 /* LoginViewController.swift in Sources */,
				25B6BFCF2999161800C3A43F /* TaskListViewController.swift in Sources */,
				25CF686A29A64B4B00E758E7 /* LoginModels.swift in Sources */,
				25B6BFCB2999161800C3A43F /* AppDelegate.swift in Sources */,
				25B6BFF129995F1700C3A43F /* RegularTaskTableViewCell.swift in Sources */,
				25B6BFE32999576300C3A43F /* TaskManager.swift in Sources */,
				258DB09D29A0E9D300C03B47 /* SectionManager.swift in Sources */,
				8AC27F3729BE58B1003CB794 /* ImportantTask.swift in Sources */,
				2580E4CB29B9BE9D00C54457 /* LoginAssembly.swift in Sources */,
				25CF686829A64B4B00E758E7 /* LoginWorker.swift in Sources */,
				25B6BFE02999570A00C3A43F /* Task.swift in Sources */,
				258DB09F29A11C6500C03B47 /* OrderedTaskManager.swift in Sources */,
				25B6BFE829995C6000C3A43F /* CellViewModel.swift in Sources */,
				2569096D29A24A9F00A0129C /* TaskListPresenter.swift in Sources */,
				25CF686C29A64B4B00E758E7 /* LoginInteractor.swift in Sources */,
				25CF688329A6721B00E758E7 /* TaskLisInteractor.swift in Sources */,
				25CF686729A64B4B00E758E7 /* LoginPresenter.swift in Sources */,
				2580E4CD29B9BFC400C54457 /* TaskListAssembly.swift in Sources */,
				2531AA46299D542E00EFA891 /* TaskRepository.swift in Sources */,
				25B6BFF929995F6E00C3A43F /* ImportantTaskTableViewCell.swift in Sources */,
				25B6BFFF2999634600C3A43F /* UITableView.swift in Sources */,
				25CF686929A64B4B00E758E7 /* LoginRouter.swift in Sources */,
				25B6C00129996C9D00C3A43F /* Date.swift in Sources */,
				25B6BFCD2999161800C3A43F /* SceneDelegate.swift in Sources */,
				25CF686029A63B7C00E758E7 /* TaskListModel.swift in Sources */,
				8AC27F3929BE5969003CB794 /* RegularTask.swift in Sources */,
				25B6BFFC2999621F00C3A43F /* Constants.swift in Sources */,
			);
			runOnlyForDeploymentPostprocessing = 0;
		};
		8AC27F1929BE54DD003CB794 /* Sources */ = {
			isa = PBXSourcesBuildPhase;
			buildActionMask = 2147483647;
			files = (
				8AC27F2729BE54E6003CB794 /* RegularTaskModelTests.swift in Sources */,
				8AC27F2E29BE5606003CB794 /* TaskManagerTests.swift in Sources */,
				8AC27F2629BE54E2003CB794 /* OrderedTaskManagerTests.swift in Sources */,
				252E2B2B29C1E01000474465 /* SectionManagerTests.swift in Sources */,
				8AC27F2929BE54E6003CB794 /* ImportantTaskModelTests.swift in Sources */,
				8AC27F2829BE54E6003CB794 /* TaskModelTests.swift in Sources */,
			);
			runOnlyForDeploymentPostprocessing = 0;
		};
/* End PBXSourcesBuildPhase section */

/* Begin PBXTargetDependency section */
		8AC27F2229BE54DD003CB794 /* PBXTargetDependency */ = {
			isa = PBXTargetDependency;
			target = 25B6BFC62999161800C3A43F /* taskManager */;
			targetProxy = 8AC27F2129BE54DD003CB794 /* PBXContainerItemProxy */;
		};
/* End PBXTargetDependency section */

/* Begin PBXVariantGroup section */
		25B6BFD52999161900C3A43F /* LaunchScreen.storyboard */ = {
			isa = PBXVariantGroup;
			children = (
				25B6BFD62999161900C3A43F /* Base */,
			);
			name = LaunchScreen.storyboard;
			sourceTree = "<group>";
		};
/* End PBXVariantGroup section */

/* Begin XCBuildConfiguration section */
		25B6BFD92999161900C3A43F /* Debug */ = {
			isa = XCBuildConfiguration;
			buildSettings = {
				ALWAYS_SEARCH_USER_PATHS = NO;
				CLANG_ANALYZER_NONNULL = YES;
				CLANG_ANALYZER_NUMBER_OBJECT_CONVERSION = YES_AGGRESSIVE;
				CLANG_CXX_LANGUAGE_STANDARD = "gnu++20";
				CLANG_ENABLE_MODULES = YES;
				CLANG_ENABLE_OBJC_ARC = YES;
				CLANG_ENABLE_OBJC_WEAK = YES;
				CLANG_WARN_BLOCK_CAPTURE_AUTORELEASING = YES;
				CLANG_WARN_BOOL_CONVERSION = YES;
				CLANG_WARN_COMMA = YES;
				CLANG_WARN_CONSTANT_CONVERSION = YES;
				CLANG_WARN_DEPRECATED_OBJC_IMPLEMENTATIONS = YES;
				CLANG_WARN_DIRECT_OBJC_ISA_USAGE = YES_ERROR;
				CLANG_WARN_DOCUMENTATION_COMMENTS = YES;
				CLANG_WARN_EMPTY_BODY = YES;
				CLANG_WARN_ENUM_CONVERSION = YES;
				CLANG_WARN_INFINITE_RECURSION = YES;
				CLANG_WARN_INT_CONVERSION = YES;
				CLANG_WARN_NON_LITERAL_NULL_CONVERSION = YES;
				CLANG_WARN_OBJC_IMPLICIT_RETAIN_SELF = YES;
				CLANG_WARN_OBJC_LITERAL_CONVERSION = YES;
				CLANG_WARN_OBJC_ROOT_CLASS = YES_ERROR;
				CLANG_WARN_QUOTED_INCLUDE_IN_FRAMEWORK_HEADER = YES;
				CLANG_WARN_RANGE_LOOP_ANALYSIS = YES;
				CLANG_WARN_STRICT_PROTOTYPES = YES;
				CLANG_WARN_SUSPICIOUS_MOVE = YES;
				CLANG_WARN_UNGUARDED_AVAILABILITY = YES_AGGRESSIVE;
				CLANG_WARN_UNREACHABLE_CODE = YES;
				CLANG_WARN__DUPLICATE_METHOD_MATCH = YES;
				COPY_PHASE_STRIP = NO;
				DEBUG_INFORMATION_FORMAT = dwarf;
				ENABLE_STRICT_OBJC_MSGSEND = YES;
				ENABLE_TESTABILITY = YES;
				GCC_C_LANGUAGE_STANDARD = gnu11;
				GCC_DYNAMIC_NO_PIC = NO;
				GCC_NO_COMMON_BLOCKS = YES;
				GCC_OPTIMIZATION_LEVEL = 0;
				GCC_PREPROCESSOR_DEFINITIONS = (
					"DEBUG=1",
					"$(inherited)",
				);
				GCC_WARN_64_TO_32_BIT_CONVERSION = YES;
				GCC_WARN_ABOUT_RETURN_TYPE = YES_ERROR;
				GCC_WARN_UNDECLARED_SELECTOR = YES;
				GCC_WARN_UNINITIALIZED_AUTOS = YES_AGGRESSIVE;
				GCC_WARN_UNUSED_FUNCTION = YES;
				GCC_WARN_UNUSED_VARIABLE = YES;
				IPHONEOS_DEPLOYMENT_TARGET = 15.0;
				MTL_ENABLE_DEBUG_INFO = INCLUDE_SOURCE;
				MTL_FAST_MATH = YES;
				ONLY_ACTIVE_ARCH = YES;
				SDKROOT = iphoneos;
				SWIFT_ACTIVE_COMPILATION_CONDITIONS = DEBUG;
				SWIFT_OPTIMIZATION_LEVEL = "-Onone";
			};
			name = Debug;
		};
		25B6BFDA2999161900C3A43F /* Release */ = {
			isa = XCBuildConfiguration;
			buildSettings = {
				ALWAYS_SEARCH_USER_PATHS = NO;
				CLANG_ANALYZER_NONNULL = YES;
				CLANG_ANALYZER_NUMBER_OBJECT_CONVERSION = YES_AGGRESSIVE;
				CLANG_CXX_LANGUAGE_STANDARD = "gnu++20";
				CLANG_ENABLE_MODULES = YES;
				CLANG_ENABLE_OBJC_ARC = YES;
				CLANG_ENABLE_OBJC_WEAK = YES;
				CLANG_WARN_BLOCK_CAPTURE_AUTORELEASING = YES;
				CLANG_WARN_BOOL_CONVERSION = YES;
				CLANG_WARN_COMMA = YES;
				CLANG_WARN_CONSTANT_CONVERSION = YES;
				CLANG_WARN_DEPRECATED_OBJC_IMPLEMENTATIONS = YES;
				CLANG_WARN_DIRECT_OBJC_ISA_USAGE = YES_ERROR;
				CLANG_WARN_DOCUMENTATION_COMMENTS = YES;
				CLANG_WARN_EMPTY_BODY = YES;
				CLANG_WARN_ENUM_CONVERSION = YES;
				CLANG_WARN_INFINITE_RECURSION = YES;
				CLANG_WARN_INT_CONVERSION = YES;
				CLANG_WARN_NON_LITERAL_NULL_CONVERSION = YES;
				CLANG_WARN_OBJC_IMPLICIT_RETAIN_SELF = YES;
				CLANG_WARN_OBJC_LITERAL_CONVERSION = YES;
				CLANG_WARN_OBJC_ROOT_CLASS = YES_ERROR;
				CLANG_WARN_QUOTED_INCLUDE_IN_FRAMEWORK_HEADER = YES;
				CLANG_WARN_RANGE_LOOP_ANALYSIS = YES;
				CLANG_WARN_STRICT_PROTOTYPES = YES;
				CLANG_WARN_SUSPICIOUS_MOVE = YES;
				CLANG_WARN_UNGUARDED_AVAILABILITY = YES_AGGRESSIVE;
				CLANG_WARN_UNREACHABLE_CODE = YES;
				CLANG_WARN__DUPLICATE_METHOD_MATCH = YES;
				COPY_PHASE_STRIP = NO;
				DEBUG_INFORMATION_FORMAT = "dwarf-with-dsym";
				ENABLE_NS_ASSERTIONS = NO;
				ENABLE_STRICT_OBJC_MSGSEND = YES;
				GCC_C_LANGUAGE_STANDARD = gnu11;
				GCC_NO_COMMON_BLOCKS = YES;
				GCC_WARN_64_TO_32_BIT_CONVERSION = YES;
				GCC_WARN_ABOUT_RETURN_TYPE = YES_ERROR;
				GCC_WARN_UNDECLARED_SELECTOR = YES;
				GCC_WARN_UNINITIALIZED_AUTOS = YES_AGGRESSIVE;
				GCC_WARN_UNUSED_FUNCTION = YES;
				GCC_WARN_UNUSED_VARIABLE = YES;
				IPHONEOS_DEPLOYMENT_TARGET = 15.0;
				MTL_ENABLE_DEBUG_INFO = NO;
				MTL_FAST_MATH = YES;
				SDKROOT = iphoneos;
				SWIFT_COMPILATION_MODE = wholemodule;
				SWIFT_OPTIMIZATION_LEVEL = "-O";
				VALIDATE_PRODUCT = YES;
			};
			name = Release;
		};
		25B6BFDC2999161900C3A43F /* Debug */ = {
			isa = XCBuildConfiguration;
			buildSettings = {
				ASSETCATALOG_COMPILER_APPICON_NAME = AppIcon;
				ASSETCATALOG_COMPILER_GLOBAL_ACCENT_COLOR_NAME = AccentColor;
				CODE_SIGN_IDENTITY = "Apple Development";
				CODE_SIGN_STYLE = Automatic;
				CURRENT_PROJECT_VERSION = 1;
				DEVELOPMENT_TEAM = F5BJS4MMJH;
				GENERATE_INFOPLIST_FILE = YES;
				INFOPLIST_FILE = taskManager/Info.plist;
				INFOPLIST_KEY_UIApplicationSupportsIndirectInputEvents = YES;
				INFOPLIST_KEY_UILaunchStoryboardName = LaunchScreen;
				INFOPLIST_KEY_UISupportedInterfaceOrientations = UIInterfaceOrientationPortrait;
				IPHONEOS_DEPLOYMENT_TARGET = 15.0;
				LD_RUNPATH_SEARCH_PATHS = (
					"$(inherited)",
					"@executable_path/Frameworks",
				);
				MARKETING_VERSION = 1.0.0;
				PRODUCT_BUNDLE_IDENTIFIER = davidtonoyan.taskManager;
				PRODUCT_NAME = "$(TARGET_NAME)";
				PROVISIONING_PROFILE_SPECIFIER = "";
				SUPPORTED_PLATFORMS = "iphoneos iphonesimulator";
				SUPPORTS_MACCATALYST = NO;
				SUPPORTS_MAC_DESIGNED_FOR_IPHONE_IPAD = NO;
				SWIFT_EMIT_LOC_STRINGS = YES;
				SWIFT_VERSION = 5.0;
				TARGETED_DEVICE_FAMILY = 1;
			};
			name = Debug;
		};
		25B6BFDD2999161900C3A43F /* Release */ = {
			isa = XCBuildConfiguration;
			buildSettings = {
				ASSETCATALOG_COMPILER_APPICON_NAME = AppIcon;
				ASSETCATALOG_COMPILER_GLOBAL_ACCENT_COLOR_NAME = AccentColor;
				CODE_SIGN_IDENTITY = "Apple Development";
				CODE_SIGN_STYLE = Automatic;
				CURRENT_PROJECT_VERSION = 1;
				DEVELOPMENT_TEAM = F5BJS4MMJH;
				GENERATE_INFOPLIST_FILE = YES;
				INFOPLIST_FILE = taskManager/Info.plist;
				INFOPLIST_KEY_UIApplicationSupportsIndirectInputEvents = YES;
				INFOPLIST_KEY_UILaunchStoryboardName = LaunchScreen;
				INFOPLIST_KEY_UISupportedInterfaceOrientations = UIInterfaceOrientationPortrait;
				IPHONEOS_DEPLOYMENT_TARGET = 15.0;
				LD_RUNPATH_SEARCH_PATHS = (
					"$(inherited)",
					"@executable_path/Frameworks",
				);
				MARKETING_VERSION = 1.0.0;
				PRODUCT_BUNDLE_IDENTIFIER = davidtonoyan.taskManager;
				PRODUCT_NAME = "$(TARGET_NAME)";
				PROVISIONING_PROFILE_SPECIFIER = "";
				SUPPORTED_PLATFORMS = "iphoneos iphonesimulator";
				SUPPORTS_MACCATALYST = NO;
				SUPPORTS_MAC_DESIGNED_FOR_IPHONE_IPAD = NO;
				SWIFT_EMIT_LOC_STRINGS = YES;
				SWIFT_VERSION = 5.0;
				TARGETED_DEVICE_FAMILY = 1;
			};
			name = Release;
		};
		8AC27F2429BE54DD003CB794 /* Debug */ = {
			isa = XCBuildConfiguration;
			buildSettings = {
				BUNDLE_LOADER = "$(TEST_HOST)";
				CODE_SIGN_STYLE = Automatic;
				CURRENT_PROJECT_VERSION = 1;
				DEVELOPMENT_TEAM = MAMAND5R9P;
				GENERATE_INFOPLIST_FILE = YES;
				IPHONEOS_DEPLOYMENT_TARGET = 15.0;
				MARKETING_VERSION = 1.0;
				PRODUCT_BUNDLE_IDENTIFIER = davidtonoyan.taskManager.taskManagerTests;
				PRODUCT_NAME = "$(TARGET_NAME)";
				SUPPORTED_PLATFORMS = "iphoneos iphonesimulator";
				SUPPORTS_MACCATALYST = NO;
				SUPPORTS_MAC_DESIGNED_FOR_IPHONE_IPAD = NO;
				SWIFT_EMIT_LOC_STRINGS = NO;
				SWIFT_VERSION = 5.0;
				TARGETED_DEVICE_FAMILY = 1;
				TEST_HOST = "$(BUILT_PRODUCTS_DIR)/taskManager.app/$(BUNDLE_EXECUTABLE_FOLDER_PATH)/taskManager";
			};
			name = Debug;
		};
		8AC27F2529BE54DD003CB794 /* Release */ = {
			isa = XCBuildConfiguration;
			buildSettings = {
				BUNDLE_LOADER = "$(TEST_HOST)";
				CODE_SIGN_STYLE = Automatic;
				CURRENT_PROJECT_VERSION = 1;
				DEVELOPMENT_TEAM = MAMAND5R9P;
				GENERATE_INFOPLIST_FILE = YES;
				IPHONEOS_DEPLOYMENT_TARGET = 15.0;
				MARKETING_VERSION = 1.0;
				PRODUCT_BUNDLE_IDENTIFIER = davidtonoyan.taskManager.taskManagerTests;
				PRODUCT_NAME = "$(TARGET_NAME)";
				SUPPORTED_PLATFORMS = "iphoneos iphonesimulator";
				SUPPORTS_MACCATALYST = NO;
				SUPPORTS_MAC_DESIGNED_FOR_IPHONE_IPAD = NO;
				SWIFT_EMIT_LOC_STRINGS = NO;
				SWIFT_VERSION = 5.0;
				TARGETED_DEVICE_FAMILY = 1;
				TEST_HOST = "$(BUILT_PRODUCTS_DIR)/taskManager.app/$(BUNDLE_EXECUTABLE_FOLDER_PATH)/taskManager";
			};
			name = Release;
		};
/* End XCBuildConfiguration section */

/* Begin XCConfigurationList section */
		25B6BFC22999161800C3A43F /* Build configuration list for PBXProject "taskManager" */ = {
			isa = XCConfigurationList;
			buildConfigurations = (
				25B6BFD92999161900C3A43F /* Debug */,
				25B6BFDA2999161900C3A43F /* Release */,
			);
			defaultConfigurationIsVisible = 0;
			defaultConfigurationName = Release;
		};
		25B6BFDB2999161900C3A43F /* Build configuration list for PBXNativeTarget "taskManager" */ = {
			isa = XCConfigurationList;
			buildConfigurations = (
				25B6BFDC2999161900C3A43F /* Debug */,
				25B6BFDD2999161900C3A43F /* Release */,
			);
			defaultConfigurationIsVisible = 0;
			defaultConfigurationName = Release;
		};
		8AC27F2329BE54DD003CB794 /* Build configuration list for PBXNativeTarget "taskManagerTests" */ = {
			isa = XCConfigurationList;
			buildConfigurations = (
				8AC27F2429BE54DD003CB794 /* Debug */,
				8AC27F2529BE54DD003CB794 /* Release */,
			);
			defaultConfigurationIsVisible = 0;
			defaultConfigurationName = Release;
		};
/* End XCConfigurationList section */
	};
	rootObject = 25B6BFBF2999161800C3A43F /* Project object */;
}
