// !$*UTF8*$!
{
	archiveVersion = 1;
	classes = {
	};
	objectVersion = 55;
	objects = {

/* Begin PBXBuildFile section */
		2507319329E017F0009CE65C /* Assets.swift in Sources */ = {isa = PBXBuildFile; fileRef = 2507319129E017F0009CE65C /* Assets.swift */; };
		2507319429E017F0009CE65C /* Strings.swift in Sources */ = {isa = PBXBuildFile; fileRef = 2507319229E017F0009CE65C /* Strings.swift */; };
		250F98AE29C3B5B600862615 /* WorkerTests.swift in Sources */ = {isa = PBXBuildFile; fileRef = 250F98AD29C3B5B600862615 /* WorkerTests.swift */; };
		2569096D29A24A9F00A0129C /* TaskListPresenter.swift in Sources */ = {isa = PBXBuildFile; fileRef = 2569096C29A24A9F00A0129C /* TaskListPresenter.swift */; };
		2580E4CB29B9BE9D00C54457 /* LoginAssembly.swift in Sources */ = {isa = PBXBuildFile; fileRef = 2580E4CA29B9BE9D00C54457 /* LoginAssembly.swift */; };
		2580E4CD29B9BFC400C54457 /* TaskListAssembly.swift in Sources */ = {isa = PBXBuildFile; fileRef = 2580E4CC29B9BFC400C54457 /* TaskListAssembly.swift */; };
		258DB09D29A0E9D300C03B47 /* SectionManager.swift in Sources */ = {isa = PBXBuildFile; fileRef = 258DB09C29A0E9D300C03B47 /* SectionManager.swift */; };
		25B6BFCB2999161800C3A43F /* AppDelegate.swift in Sources */ = {isa = PBXBuildFile; fileRef = 25B6BFCA2999161800C3A43F /* AppDelegate.swift */; };
		25B6BFCD2999161800C3A43F /* SceneDelegate.swift in Sources */ = {isa = PBXBuildFile; fileRef = 25B6BFCC2999161800C3A43F /* SceneDelegate.swift */; };
		25B6BFCF2999161800C3A43F /* TaskListViewController.swift in Sources */ = {isa = PBXBuildFile; fileRef = 25B6BFCE2999161800C3A43F /* TaskListViewController.swift */; };
		25B6BFD42999161900C3A43F /* Assets.xcassets in Resources */ = {isa = PBXBuildFile; fileRef = 25B6BFD32999161900C3A43F /* Assets.xcassets */; };
		25B6BFD72999161900C3A43F /* LaunchScreen.storyboard in Resources */ = {isa = PBXBuildFile; fileRef = 25B6BFD52999161900C3A43F /* LaunchScreen.storyboard */; };
		25B6BFE829995C6000C3A43F /* CellViewModel.swift in Sources */ = {isa = PBXBuildFile; fileRef = 25B6BFE729995C6000C3A43F /* CellViewModel.swift */; };
		25B6BFF129995F1700C3A43F /* RegularTaskTableViewCell.swift in Sources */ = {isa = PBXBuildFile; fileRef = 25B6BFEF29995F1700C3A43F /* RegularTaskTableViewCell.swift */; };
		25B6BFF929995F6E00C3A43F /* ImportantTaskTableViewCell.swift in Sources */ = {isa = PBXBuildFile; fileRef = 25B6BFF729995F6E00C3A43F /* ImportantTaskTableViewCell.swift */; };
		25B6BFFC2999621F00C3A43F /* Constants.swift in Sources */ = {isa = PBXBuildFile; fileRef = 25B6BFFB2999621F00C3A43F /* Constants.swift */; };
		25B6BFFF2999634600C3A43F /* UITableView.swift in Sources */ = {isa = PBXBuildFile; fileRef = 25B6BFFE2999634600C3A43F /* UITableView.swift */; };
		25B6C00129996C9D00C3A43F /* Date.swift in Sources */ = {isa = PBXBuildFile; fileRef = 25B6C00029996C9D00C3A43F /* Date.swift */; };
		25B99EEB29C3584600761501 /* SectionManagerTests.swift in Sources */ = {isa = PBXBuildFile; fileRef = 25B99EEA29C3584500761501 /* SectionManagerTests.swift */; };
		25CF686029A63B7C00E758E7 /* TaskListModel.swift in Sources */ = {isa = PBXBuildFile; fileRef = 25CF685F29A63B7C00E758E7 /* TaskListModel.swift */; };
		25CF686729A64B4B00E758E7 /* LoginPresenter.swift in Sources */ = {isa = PBXBuildFile; fileRef = 25CF686129A64B4A00E758E7 /* LoginPresenter.swift */; };
		25CF686829A64B4B00E758E7 /* LoginWorker.swift in Sources */ = {isa = PBXBuildFile; fileRef = 25CF686229A64B4A00E758E7 /* LoginWorker.swift */; };
		25CF686929A64B4B00E758E7 /* LoginRouter.swift in Sources */ = {isa = PBXBuildFile; fileRef = 25CF686329A64B4A00E758E7 /* LoginRouter.swift */; };
		25CF686A29A64B4B00E758E7 /* LoginModels.swift in Sources */ = {isa = PBXBuildFile; fileRef = 25CF686429A64B4A00E758E7 /* LoginModels.swift */; };
		25CF686B29A64B4B00E758E7 /* LoginViewController.swift in Sources */ = {isa = PBXBuildFile; fileRef = 25CF686529A64B4A00E758E7 /* LoginViewController.swift */; };
		25CF686C29A64B4B00E758E7 /* LoginInteractor.swift in Sources */ = {isa = PBXBuildFile; fileRef = 25CF686629A64B4A00E758E7 /* LoginInteractor.swift */; };
		25CF688329A6721B00E758E7 /* TaskLisInteractor.swift in Sources */ = {isa = PBXBuildFile; fileRef = 25CF687D29A6721B00E758E7 /* TaskLisInteractor.swift */; };
		5A48065A29DCDA500096B7D8 /* Localizable.strings in Resources */ = {isa = PBXBuildFile; fileRef = 5A48065C29DCDA500096B7D8 /* Localizable.strings */; };
		5A48065F29DCDAFD0096B7D8 /* String+Localized.swift in Sources */ = {isa = PBXBuildFile; fileRef = 5A48065E29DCDAFC0096B7D8 /* String+Localized.swift */; };
		6001584029D325BB0013D3A8 /* LoginPresenterSpy.swift in Sources */ = {isa = PBXBuildFile; fileRef = 6001583F29D325BB0013D3A8 /* LoginPresenterSpy.swift */; };
		6001584229D326760013D3A8 /* LoginWorkerSpy.swift in Sources */ = {isa = PBXBuildFile; fileRef = 6001584129D326760013D3A8 /* LoginWorkerSpy.swift */; };
		6001584429D327870013D3A8 /* LoginInteractorSpy.swift in Sources */ = {isa = PBXBuildFile; fileRef = 6001584329D327870013D3A8 /* LoginInteractorSpy.swift */; };
		6001584629D329010013D3A8 /* LoginViewControllerSpy.swift in Sources */ = {isa = PBXBuildFile; fileRef = 6001584529D329010013D3A8 /* LoginViewControllerSpy.swift */; };
		6001584829D329BB0013D3A8 /* LoginInteractorTest.swift in Sources */ = {isa = PBXBuildFile; fileRef = 6001584729D329BB0013D3A8 /* LoginInteractorTest.swift */; };
		6001584A29D329D60013D3A8 /* LoginViewControllerTests.swift in Sources */ = {isa = PBXBuildFile; fileRef = 6001584929D329D60013D3A8 /* LoginViewControllerTests.swift */; };
		6001584C29D329EF0013D3A8 /* LoginPresenterTests.swift in Sources */ = {isa = PBXBuildFile; fileRef = 6001584B29D329EF0013D3A8 /* LoginPresenterTests.swift */; };
		601D8D7329C22E8B00C25C4F /* TaskRepository.swift in Sources */ = {isa = PBXBuildFile; fileRef = 601D8D7229C22E8B00C25C4F /* TaskRepository.swift */; };
		60993BD729C22C1900D4B908 /* TaskManagerPackage in Frameworks */ = {isa = PBXBuildFile; productRef = 60993BD629C22C1900D4B908 /* TaskManagerPackage */; };
		60D8DDC529DEFB0A009606E5 /* UIColor+Hex.swift in Sources */ = {isa = PBXBuildFile; fileRef = 60D8DDC429DEFB0A009606E5 /* UIColor+Hex.swift */; };
		60D8DDC729DEFBD5009606E5 /* Theme.swift in Sources */ = {isa = PBXBuildFile; fileRef = 60D8DDC629DEFBD5009606E5 /* Theme.swift */; };
		60D8DDC929DEFD80009606E5 /* UIColorHexTests.swift in Sources */ = {isa = PBXBuildFile; fileRef = 60D8DDC829DEFD80009606E5 /* UIColorHexTests.swift */; };
		60EC171F29D82FE1004894CC /* PinLayout in Frameworks */ = {isa = PBXBuildFile; productRef = 60EC171E29D82FE1004894CC /* PinLayout */; };
		8A12969629D7504A0004651C /* SectionManagerSpy.swift in Sources */ = {isa = PBXBuildFile; fileRef = 25B2819729D71F6500FA3644 /* SectionManagerSpy.swift */; };
		8A12969729D7504A0004651C /* TaskListPresenterSpy.swift in Sources */ = {isa = PBXBuildFile; fileRef = 25B2819629D71F6500FA3644 /* TaskListPresenterSpy.swift */; };
		8A12969829D7506C0004651C /* TaskListInteractorTests.swift in Sources */ = {isa = PBXBuildFile; fileRef = 25B2819529D71F6500FA3644 /* TaskListInteractorTests.swift */; };
		8AAAE69129D60491003AB5A0 /* TaskListInteractorSpy.swift in Sources */ = {isa = PBXBuildFile; fileRef = 8AAAE69029D60491003AB5A0 /* TaskListInteractorSpy.swift */; };
		8ABAC5F329D49265003E30E3 /* TaskListViewControllerTests.swift in Sources */ = {isa = PBXBuildFile; fileRef = 8ABAC5F229D49265003E30E3 /* TaskListViewControllerTests.swift */; };
		AB0A6C8B29E3F6C7003B2F5E /* LoginSceneAccessibilityIdentifier.swift in Sources */ = {isa = PBXBuildFile; fileRef = AB0A6C8A29E3F6C7003B2F5E /* LoginSceneAccessibilityIdentifier.swift */; };
		AB0A6C8F29E3FE08003B2F5E /* TaskListSceneAccessibilityIdentifier.swift in Sources */ = {isa = PBXBuildFile; fileRef = AB0A6C8E29E3FE08003B2F5E /* TaskListSceneAccessibilityIdentifier.swift */; };
		AB0DC66429D346B900A2856C /* TaskPresenterTests.swift in Sources */ = {isa = PBXBuildFile; fileRef = AB0DC66329D346B900A2856C /* TaskPresenterTests.swift */; };
		AB0DC66729D3878500A2856C /* TaskListViewControllerSpy.swift in Sources */ = {isa = PBXBuildFile; fileRef = AB0DC66629D3878500A2856C /* TaskListViewControllerSpy.swift */; };
		AB7FAC3629C3B19F00A6A8BE /* TaskRepositoryTests.swift in Sources */ = {isa = PBXBuildFile; fileRef = AB7FAC3529C3B19F00A6A8BE /* TaskRepositoryTests.swift */; };
/* End PBXBuildFile section */

/* Begin PBXContainerItemProxy section */
		25B99EE529C3580900761501 /* PBXContainerItemProxy */ = {
			isa = PBXContainerItemProxy;
			containerPortal = 25B6BFBF2999161800C3A43F /* Project object */;
			proxyType = 1;
			remoteGlobalIDString = 25B6BFC62999161800C3A43F;
			remoteInfo = taskManager;
		};
/* End PBXContainerItemProxy section */

/* Begin PBXFileReference section */
		2507319129E017F0009CE65C /* Assets.swift */ = {isa = PBXFileReference; fileEncoding = 4; lastKnownFileType = sourcecode.swift; path = Assets.swift; sourceTree = "<group>"; };
		2507319229E017F0009CE65C /* Strings.swift */ = {isa = PBXFileReference; fileEncoding = 4; lastKnownFileType = sourcecode.swift; path = Strings.swift; sourceTree = "<group>"; };
		250F98AD29C3B5B600862615 /* WorkerTests.swift */ = {isa = PBXFileReference; lastKnownFileType = sourcecode.swift; path = WorkerTests.swift; sourceTree = "<group>"; };
		2569096C29A24A9F00A0129C /* TaskListPresenter.swift */ = {isa = PBXFileReference; lastKnownFileType = sourcecode.swift; path = TaskListPresenter.swift; sourceTree = "<group>"; };
		2580E4CA29B9BE9D00C54457 /* LoginAssembly.swift */ = {isa = PBXFileReference; lastKnownFileType = sourcecode.swift; path = LoginAssembly.swift; sourceTree = "<group>"; };
		2580E4CC29B9BFC400C54457 /* TaskListAssembly.swift */ = {isa = PBXFileReference; lastKnownFileType = sourcecode.swift; path = TaskListAssembly.swift; sourceTree = "<group>"; };
		258DB09C29A0E9D300C03B47 /* SectionManager.swift */ = {isa = PBXFileReference; lastKnownFileType = sourcecode.swift; path = SectionManager.swift; sourceTree = "<group>"; };
		25B2819529D71F6500FA3644 /* TaskListInteractorTests.swift */ = {isa = PBXFileReference; lastKnownFileType = sourcecode.swift; path = TaskListInteractorTests.swift; sourceTree = "<group>"; };
		25B2819629D71F6500FA3644 /* TaskListPresenterSpy.swift */ = {isa = PBXFileReference; lastKnownFileType = sourcecode.swift; path = TaskListPresenterSpy.swift; sourceTree = "<group>"; };
		25B2819729D71F6500FA3644 /* SectionManagerSpy.swift */ = {isa = PBXFileReference; lastKnownFileType = sourcecode.swift; path = SectionManagerSpy.swift; sourceTree = "<group>"; };
		25B6BFC72999161800C3A43F /* taskManager.app */ = {isa = PBXFileReference; explicitFileType = wrapper.application; includeInIndex = 0; path = taskManager.app; sourceTree = BUILT_PRODUCTS_DIR; };
		25B6BFCA2999161800C3A43F /* AppDelegate.swift */ = {isa = PBXFileReference; lastKnownFileType = sourcecode.swift; path = AppDelegate.swift; sourceTree = "<group>"; };
		25B6BFCC2999161800C3A43F /* SceneDelegate.swift */ = {isa = PBXFileReference; lastKnownFileType = sourcecode.swift; path = SceneDelegate.swift; sourceTree = "<group>"; };
		25B6BFCE2999161800C3A43F /* TaskListViewController.swift */ = {isa = PBXFileReference; lastKnownFileType = sourcecode.swift; path = TaskListViewController.swift; sourceTree = "<group>"; };
		25B6BFD32999161900C3A43F /* Assets.xcassets */ = {isa = PBXFileReference; lastKnownFileType = folder.assetcatalog; path = Assets.xcassets; sourceTree = "<group>"; };
		25B6BFD62999161900C3A43F /* Base */ = {isa = PBXFileReference; lastKnownFileType = file.storyboard; name = Base; path = Base.lproj/LaunchScreen.storyboard; sourceTree = "<group>"; };
		25B6BFD82999161900C3A43F /* Info.plist */ = {isa = PBXFileReference; lastKnownFileType = text.plist.xml; path = Info.plist; sourceTree = "<group>"; };
		25B6BFE729995C6000C3A43F /* CellViewModel.swift */ = {isa = PBXFileReference; lastKnownFileType = sourcecode.swift; path = CellViewModel.swift; sourceTree = "<group>"; };
		25B6BFEF29995F1700C3A43F /* RegularTaskTableViewCell.swift */ = {isa = PBXFileReference; lastKnownFileType = sourcecode.swift; path = RegularTaskTableViewCell.swift; sourceTree = "<group>"; };
		25B6BFF729995F6E00C3A43F /* ImportantTaskTableViewCell.swift */ = {isa = PBXFileReference; lastKnownFileType = sourcecode.swift; path = ImportantTaskTableViewCell.swift; sourceTree = "<group>"; };
		25B6BFFB2999621F00C3A43F /* Constants.swift */ = {isa = PBXFileReference; lastKnownFileType = sourcecode.swift; path = Constants.swift; sourceTree = "<group>"; };
		25B6BFFE2999634600C3A43F /* UITableView.swift */ = {isa = PBXFileReference; lastKnownFileType = sourcecode.swift; path = UITableView.swift; sourceTree = "<group>"; };
		25B6C00029996C9D00C3A43F /* Date.swift */ = {isa = PBXFileReference; lastKnownFileType = sourcecode.swift; path = Date.swift; sourceTree = "<group>"; };
		25B99EE129C3580900761501 /* taskManagerTests.xctest */ = {isa = PBXFileReference; explicitFileType = wrapper.cfbundle; includeInIndex = 0; path = taskManagerTests.xctest; sourceTree = BUILT_PRODUCTS_DIR; };
		25B99EEA29C3584500761501 /* SectionManagerTests.swift */ = {isa = PBXFileReference; lastKnownFileType = sourcecode.swift; path = SectionManagerTests.swift; sourceTree = "<group>"; };
		25CF685F29A63B7C00E758E7 /* TaskListModel.swift */ = {isa = PBXFileReference; lastKnownFileType = sourcecode.swift; path = TaskListModel.swift; sourceTree = "<group>"; };
		25CF686129A64B4A00E758E7 /* LoginPresenter.swift */ = {isa = PBXFileReference; lastKnownFileType = sourcecode.swift; name = LoginPresenter.swift; path = taskManager/Scenes/Login/LoginPresenter.swift; sourceTree = SOURCE_ROOT; };
		25CF686229A64B4A00E758E7 /* LoginWorker.swift */ = {isa = PBXFileReference; lastKnownFileType = sourcecode.swift; name = LoginWorker.swift; path = taskManager/Scenes/Login/LoginWorker.swift; sourceTree = SOURCE_ROOT; };
		25CF686329A64B4A00E758E7 /* LoginRouter.swift */ = {isa = PBXFileReference; lastKnownFileType = sourcecode.swift; name = LoginRouter.swift; path = taskManager/Scenes/Login/LoginRouter.swift; sourceTree = SOURCE_ROOT; };
		25CF686429A64B4A00E758E7 /* LoginModels.swift */ = {isa = PBXFileReference; lastKnownFileType = sourcecode.swift; name = LoginModels.swift; path = taskManager/Scenes/Login/LoginModels.swift; sourceTree = SOURCE_ROOT; };
		25CF686529A64B4A00E758E7 /* LoginViewController.swift */ = {isa = PBXFileReference; lastKnownFileType = sourcecode.swift; name = LoginViewController.swift; path = taskManager/Scenes/Login/LoginViewController.swift; sourceTree = SOURCE_ROOT; };
		25CF686629A64B4A00E758E7 /* LoginInteractor.swift */ = {isa = PBXFileReference; lastKnownFileType = sourcecode.swift; name = LoginInteractor.swift; path = taskManager/Scenes/Login/LoginInteractor.swift; sourceTree = SOURCE_ROOT; };
		25CF687D29A6721B00E758E7 /* TaskLisInteractor.swift */ = {isa = PBXFileReference; lastKnownFileType = sourcecode.swift; path = TaskLisInteractor.swift; sourceTree = "<group>"; };
		5A48065729DC67F10096B7D8 /* ru */ = {isa = PBXFileReference; lastKnownFileType = text.plist.strings; name = ru; path = ru.lproj/LaunchScreen.strings; sourceTree = "<group>"; };
		5A48065B29DCDA500096B7D8 /* en */ = {isa = PBXFileReference; lastKnownFileType = text.plist.strings; name = en; path = en.lproj/Localizable.strings; sourceTree = "<group>"; };
		5A48065D29DCDA540096B7D8 /* ru */ = {isa = PBXFileReference; lastKnownFileType = text.plist.strings; name = ru; path = ru.lproj/Localizable.strings; sourceTree = "<group>"; };
		5A48065E29DCDAFC0096B7D8 /* String+Localized.swift */ = {isa = PBXFileReference; fileEncoding = 4; lastKnownFileType = sourcecode.swift; path = "String+Localized.swift"; sourceTree = "<group>"; };
		6001583F29D325BB0013D3A8 /* LoginPresenterSpy.swift */ = {isa = PBXFileReference; lastKnownFileType = sourcecode.swift; path = LoginPresenterSpy.swift; sourceTree = "<group>"; };
		6001584129D326760013D3A8 /* LoginWorkerSpy.swift */ = {isa = PBXFileReference; lastKnownFileType = sourcecode.swift; path = LoginWorkerSpy.swift; sourceTree = "<group>"; };
		6001584329D327870013D3A8 /* LoginInteractorSpy.swift */ = {isa = PBXFileReference; lastKnownFileType = sourcecode.swift; path = LoginInteractorSpy.swift; sourceTree = "<group>"; };
		6001584529D329010013D3A8 /* LoginViewControllerSpy.swift */ = {isa = PBXFileReference; lastKnownFileType = sourcecode.swift; path = LoginViewControllerSpy.swift; sourceTree = "<group>"; };
		6001584729D329BB0013D3A8 /* LoginInteractorTest.swift */ = {isa = PBXFileReference; lastKnownFileType = sourcecode.swift; path = LoginInteractorTest.swift; sourceTree = "<group>"; };
		6001584929D329D60013D3A8 /* LoginViewControllerTests.swift */ = {isa = PBXFileReference; lastKnownFileType = sourcecode.swift; path = LoginViewControllerTests.swift; sourceTree = "<group>"; };
		6001584B29D329EF0013D3A8 /* LoginPresenterTests.swift */ = {isa = PBXFileReference; lastKnownFileType = sourcecode.swift; path = LoginPresenterTests.swift; sourceTree = "<group>"; };
		601D8D7229C22E8B00C25C4F /* TaskRepository.swift */ = {isa = PBXFileReference; fileEncoding = 4; lastKnownFileType = sourcecode.swift; path = TaskRepository.swift; sourceTree = "<group>"; };
		60CBB0C129C22B4700A07575 /* TaskManagerPackage */ = {isa = PBXFileReference; lastKnownFileType = wrapper; path = TaskManagerPackage; sourceTree = "<group>"; };
		60D8DDC429DEFB0A009606E5 /* UIColor+Hex.swift */ = {isa = PBXFileReference; lastKnownFileType = sourcecode.swift; path = "UIColor+Hex.swift"; sourceTree = "<group>"; };
		60D8DDC629DEFBD5009606E5 /* Theme.swift */ = {isa = PBXFileReference; lastKnownFileType = sourcecode.swift; path = Theme.swift; sourceTree = "<group>"; };
		60D8DDC829DEFD80009606E5 /* UIColorHexTests.swift */ = {isa = PBXFileReference; lastKnownFileType = sourcecode.swift; path = UIColorHexTests.swift; sourceTree = "<group>"; };
		8AAAE69029D60491003AB5A0 /* TaskListInteractorSpy.swift */ = {isa = PBXFileReference; lastKnownFileType = sourcecode.swift; path = TaskListInteractorSpy.swift; sourceTree = "<group>"; };
		8ABAC5F229D49265003E30E3 /* TaskListViewControllerTests.swift */ = {isa = PBXFileReference; lastKnownFileType = sourcecode.swift; path = TaskListViewControllerTests.swift; sourceTree = "<group>"; };
		AB0A6C8A29E3F6C7003B2F5E /* LoginSceneAccessibilityIdentifier.swift */ = {isa = PBXFileReference; lastKnownFileType = sourcecode.swift; path = LoginSceneAccessibilityIdentifier.swift; sourceTree = "<group>"; };
		AB0A6C8E29E3FE08003B2F5E /* TaskListSceneAccessibilityIdentifier.swift */ = {isa = PBXFileReference; lastKnownFileType = sourcecode.swift; path = TaskListSceneAccessibilityIdentifier.swift; sourceTree = "<group>"; };
		AB0DC66329D346B900A2856C /* TaskPresenterTests.swift */ = {isa = PBXFileReference; lastKnownFileType = sourcecode.swift; path = TaskPresenterTests.swift; sourceTree = "<group>"; };
		AB0DC66629D3878500A2856C /* TaskListViewControllerSpy.swift */ = {isa = PBXFileReference; lastKnownFileType = sourcecode.swift; path = TaskListViewControllerSpy.swift; sourceTree = "<group>"; };
		AB7FAC3529C3B19F00A6A8BE /* TaskRepositoryTests.swift */ = {isa = PBXFileReference; lastKnownFileType = sourcecode.swift; path = TaskRepositoryTests.swift; sourceTree = "<group>"; };
/* End PBXFileReference section */

/* Begin PBXFrameworksBuildPhase section */
		25B6BFC42999161800C3A43F /* Frameworks */ = {
			isa = PBXFrameworksBuildPhase;
			buildActionMask = 2147483647;
			files = (
				60EC171F29D82FE1004894CC /* PinLayout in Frameworks */,
				60993BD729C22C1900D4B908 /* TaskManagerPackage in Frameworks */,
			);
			runOnlyForDeploymentPostprocessing = 0;
		};
		25B99EDE29C3580900761501 /* Frameworks */ = {
			isa = PBXFrameworksBuildPhase;
			buildActionMask = 2147483647;
			files = (
			);
			runOnlyForDeploymentPostprocessing = 0;
		};
/* End PBXFrameworksBuildPhase section */

/* Begin PBXGroup section */
		2507318B29E015EC009CE65C /* Autogenerated */ = {
			isa = PBXGroup;
			children = (
				2507319129E017F0009CE65C /* Assets.swift */,
				2507319229E017F0009CE65C /* Strings.swift */,
			);
			path = Autogenerated;
			sourceTree = "<group>";
		};
		250F98AF29C3B5C200862615 /* LoginScene */ = {
			isa = PBXGroup;
			children = (
				6001583E29D325900013D3A8 /* Test Doubles */,
				6001584729D329BB0013D3A8 /* LoginInteractorTest.swift */,
				6001584929D329D60013D3A8 /* LoginViewControllerTests.swift */,
				6001584B29D329EF0013D3A8 /* LoginPresenterTests.swift */,
				250F98AD29C3B5B600862615 /* WorkerTests.swift */,
			);
			path = LoginScene;
			sourceTree = "<group>";
		};
		25B6BFBE2999161800C3A43F = {
			isa = PBXGroup;
			children = (
				60CBB0C029C22B4700A07575 /* Packages */,
				25B6BFC92999161800C3A43F /* taskManager */,
				25B99EE229C3580900761501 /* taskManagerTests */,
				25B6BFC82999161800C3A43F /* Products */,
				60993BD529C22C1900D4B908 /* Frameworks */,
			);
			sourceTree = "<group>";
		};
		25B6BFC82999161800C3A43F /* Products */ = {
			isa = PBXGroup;
			children = (
				25B6BFC72999161800C3A43F /* taskManager.app */,
				25B99EE129C3580900761501 /* taskManagerTests.xctest */,
			);
			name = Products;
			sourceTree = "<group>";
		};
		25B6BFC92999161800C3A43F /* taskManager */ = {
			isa = PBXGroup;
			children = (
				8AC27F3329BE57D3003CB794 /* Supporting files */,
				8AC27F3229BE57B9003CB794 /* Helpers */,
				8AC27F2F29BE565A003CB794 /* Scenes */,
				25B6BFE12999575900C3A43F /* Services */,
				25B6BFD82999161900C3A43F /* Info.plist */,
			);
			path = taskManager;
			sourceTree = "<group>";
		};
		25B6BFE12999575900C3A43F /* Services */ = {
			isa = PBXGroup;
			children = (
				258DB09C29A0E9D300C03B47 /* SectionManager.swift */,
				601D8D7229C22E8B00C25C4F /* TaskRepository.swift */,
			);
			path = Services;
			sourceTree = "<group>";
		};
		25B6BFE629995C3D00C3A43F /* View */ = {
			isa = PBXGroup;
			children = (
				25B6BFE929995C9E00C3A43F /* Cell */,
			);
			path = View;
			sourceTree = "<group>";
		};
		25B6BFE929995C9E00C3A43F /* Cell */ = {
			isa = PBXGroup;
			children = (
				25B6BFF429995F4700C3A43F /* ImportantTask */,
				25B6BFF329995F1C00C3A43F /* RegularTask */,
			);
			path = Cell;
			sourceTree = "<group>";
		};
		25B6BFF329995F1C00C3A43F /* RegularTask */ = {
			isa = PBXGroup;
			children = (
				25B6BFEF29995F1700C3A43F /* RegularTaskTableViewCell.swift */,
			);
			path = RegularTask;
			sourceTree = "<group>";
		};
		25B6BFF429995F4700C3A43F /* ImportantTask */ = {
			isa = PBXGroup;
			children = (
				25B6BFF729995F6E00C3A43F /* ImportantTaskTableViewCell.swift */,
			);
			path = ImportantTask;
			sourceTree = "<group>";
		};
		25B6BFFD2999633800C3A43F /* Extensions */ = {
			isa = PBXGroup;
			children = (
				5A48065E29DCDAFC0096B7D8 /* String+Localized.swift */,
				25B6BFFE2999634600C3A43F /* UITableView.swift */,
				25B6C00029996C9D00C3A43F /* Date.swift */,
				60D8DDC429DEFB0A009606E5 /* UIColor+Hex.swift */,
			);
			path = Extensions;
			sourceTree = "<group>";
		};
		25B99EE229C3580900761501 /* taskManagerTests */ = {
			isa = PBXGroup;
			children = (
				60D8DDC829DEFD80009606E5 /* UIColorHexTests.swift */,
				250F98AF29C3B5C200862615 /* LoginScene */,
				AB0DC66229D3465800A2856C /* TaskListScene */,
				25B99EEC29C3590400761501 /* Services */,
			);
			path = taskManagerTests;
			sourceTree = "<group>";
		};
		25B99EEC29C3590400761501 /* Services */ = {
			isa = PBXGroup;
			children = (
				25B99EEA29C3584500761501 /* SectionManagerTests.swift */,
				AB7FAC3529C3B19F00A6A8BE /* TaskRepositoryTests.swift */,
			);
			path = Services;
			sourceTree = "<group>";
		};
		6001583E29D325900013D3A8 /* Test Doubles */ = {
			isa = PBXGroup;
			children = (
				6001583F29D325BB0013D3A8 /* LoginPresenterSpy.swift */,
				6001584129D326760013D3A8 /* LoginWorkerSpy.swift */,
				6001584329D327870013D3A8 /* LoginInteractorSpy.swift */,
				6001584529D329010013D3A8 /* LoginViewControllerSpy.swift */,
			);
			path = "Test Doubles";
			sourceTree = "<group>";
		};
		60993BD529C22C1900D4B908 /* Frameworks */ = {
			isa = PBXGroup;
			children = (
			);
			name = Frameworks;
			sourceTree = "<group>";
		};
		60CBB0C029C22B4700A07575 /* Packages */ = {
			isa = PBXGroup;
			children = (
				60CBB0C129C22B4700A07575 /* TaskManagerPackage */,
			);
			name = Packages;
			sourceTree = "<group>";
		};
		8AC27F2F29BE565A003CB794 /* Scenes */ = {
			isa = PBXGroup;
			children = (
				8AC27F3129BE5752003CB794 /* Login */,
				8AC27F3029BE566F003CB794 /* TaskList */,
			);
			path = Scenes;
			sourceTree = "<group>";
		};
		8AC27F3029BE566F003CB794 /* TaskList */ = {
			isa = PBXGroup;
			children = (
				25B6BFE629995C3D00C3A43F /* View */,
				25B6BFCE2999161800C3A43F /* TaskListViewController.swift */,
				2569096C29A24A9F00A0129C /* TaskListPresenter.swift */,
				25CF687D29A6721B00E758E7 /* TaskLisInteractor.swift */,
				25CF685F29A63B7C00E758E7 /* TaskListModel.swift */,
				2580E4CC29B9BFC400C54457 /* TaskListAssembly.swift */,
				AB9AE05029E4307A00EE387F /* Auxhiliary */,
			);
			path = TaskList;
			sourceTree = "<group>";
		};
		8AC27F3129BE5752003CB794 /* Login */ = {
			isa = PBXGroup;
			children = (
				25CF686129A64B4A00E758E7 /* LoginPresenter.swift */,
				25CF686229A64B4A00E758E7 /* LoginWorker.swift */,
				25CF686329A64B4A00E758E7 /* LoginRouter.swift */,
				25CF686429A64B4A00E758E7 /* LoginModels.swift */,
				25CF686529A64B4A00E758E7 /* LoginViewController.swift */,
				25CF686629A64B4A00E758E7 /* LoginInteractor.swift */,
				2580E4CA29B9BE9D00C54457 /* LoginAssembly.swift */,
				AB0A6C8D29E3F757003B2F5E /* Auxhiliary */,
			);
			path = Login;
			sourceTree = "<group>";
		};
		8AC27F3229BE57B9003CB794 /* Helpers */ = {
			isa = PBXGroup;
			children = (
				25B6BFE729995C6000C3A43F /* CellViewModel.swift */,
				25B6BFFB2999621F00C3A43F /* Constants.swift */,
				60D8DDC629DEFBD5009606E5 /* Theme.swift */,
				25B6BFFD2999633800C3A43F /* Extensions */,
			);
			path = Helpers;
			sourceTree = "<group>";
		};
		8AC27F3329BE57D3003CB794 /* Supporting files */ = {
			isa = PBXGroup;
			children = (
				8AC27F3429BE57FF003CB794 /* Resources */,
				25B6BFD52999161900C3A43F /* LaunchScreen.storyboard */,
				25B6BFCA2999161800C3A43F /* AppDelegate.swift */,
				25B6BFCC2999161800C3A43F /* SceneDelegate.swift */,
			);
			path = "Supporting files";
			sourceTree = "<group>";
		};
		8AC27F3429BE57FF003CB794 /* Resources */ = {
			isa = PBXGroup;
			children = (
				2507318B29E015EC009CE65C /* Autogenerated */,
				5A48065C29DCDA500096B7D8 /* Localizable.strings */,
				25B6BFD32999161900C3A43F /* Assets.xcassets */,
			);
			path = Resources;
			sourceTree = "<group>";
		};
		AB0A6C8D29E3F757003B2F5E /* Auxhiliary */ = {
			isa = PBXGroup;
			children = (
				AB0A6C8A29E3F6C7003B2F5E /* LoginSceneAccessibilityIdentifier.swift */,
			);
			path = Auxhiliary;
			sourceTree = "<group>";
		};
		AB0DC66229D3465800A2856C /* TaskListScene */ = {
			isa = PBXGroup;
			children = (
				AB0DC66529D3875300A2856C /* Test Doubles */,
				8ABAC5F229D49265003E30E3 /* TaskListViewControllerTests.swift */,
				25B2819529D71F6500FA3644 /* TaskListInteractorTests.swift */,
				AB0DC66329D346B900A2856C /* TaskPresenterTests.swift */,
			);
			path = TaskListScene;
			sourceTree = "<group>";
		};
		AB0DC66529D3875300A2856C /* Test Doubles */ = {
			isa = PBXGroup;
			children = (
				25B2819629D71F6500FA3644 /* TaskListPresenterSpy.swift */,
				25B2819729D71F6500FA3644 /* SectionManagerSpy.swift */,
				8AAAE69029D60491003AB5A0 /* TaskListInteractorSpy.swift */,
				AB0DC66629D3878500A2856C /* TaskListViewControllerSpy.swift */,
			);
			path = "Test Doubles";
			sourceTree = "<group>";
		};
		AB9AE05029E4307A00EE387F /* Auxhiliary */ = {
			isa = PBXGroup;
			children = (
				AB0A6C8E29E3FE08003B2F5E /* TaskListSceneAccessibilityIdentifier.swift */,
			);
			path = Auxhiliary;
			sourceTree = "<group>";
		};
/* End PBXGroup section */

/* Begin PBXNativeTarget section */
		25B6BFC62999161800C3A43F /* taskManager */ = {
			isa = PBXNativeTarget;
			buildConfigurationList = 25B6BFDB2999161900C3A43F /* Build configuration list for PBXNativeTarget "taskManager" */;
			buildPhases = (
				8A019A0A29BC92F400F5514B /* SwiftLint */,
				2507318A29E013B4009CE65C /* SwiftGen */,
				25B6BFC32999161800C3A43F /* Sources */,
				25B6BFC42999161800C3A43F /* Frameworks */,
				25B6BFC52999161800C3A43F /* Resources */,
			);
			buildRules = (
			);
			dependencies = (
			);
			name = taskManager;
			packageProductDependencies = (
				60993BD629C22C1900D4B908 /* TaskManagerPackage */,
				60EC171E29D82FE1004894CC /* PinLayout */,
			);
			productName = taskManager;
			productReference = 25B6BFC72999161800C3A43F /* taskManager.app */;
			productType = "com.apple.product-type.application";
		};
		25B99EE029C3580900761501 /* taskManagerTests */ = {
			isa = PBXNativeTarget;
			buildConfigurationList = 25B99EE729C3580900761501 /* Build configuration list for PBXNativeTarget "taskManagerTests" */;
			buildPhases = (
				25B99EDD29C3580900761501 /* Sources */,
				25B99EDE29C3580900761501 /* Frameworks */,
				25B99EDF29C3580900761501 /* Resources */,
			);
			buildRules = (
			);
			dependencies = (
				25B99EE629C3580900761501 /* PBXTargetDependency */,
			);
			name = taskManagerTests;
			productName = taskManagerTests;
			productReference = 25B99EE129C3580900761501 /* taskManagerTests.xctest */;
			productType = "com.apple.product-type.bundle.unit-test";
		};
/* End PBXNativeTarget section */

/* Begin PBXProject section */
		25B6BFBF2999161800C3A43F /* Project object */ = {
			isa = PBXProject;
			attributes = {
				BuildIndependentTargetsInParallel = 1;
				LastSwiftUpdateCheck = 1410;
				LastUpgradeCheck = 1420;
				TargetAttributes = {
					25B6BFC62999161800C3A43F = {
						CreatedOnToolsVersion = 14.1;
					};
					25B99EE029C3580900761501 = {
						CreatedOnToolsVersion = 14.1;
						TestTargetID = 25B6BFC62999161800C3A43F;
					};
				};
			};
			buildConfigurationList = 25B6BFC22999161800C3A43F /* Build configuration list for PBXProject "taskManager" */;
			compatibilityVersion = "Xcode 13.0";
			developmentRegion = en;
			hasScannedForEncodings = 0;
			knownRegions = (
				en,
				Base,
				ru,
			);
			mainGroup = 25B6BFBE2999161800C3A43F;
			packageReferences = (
				60EC171D29D82FE1004894CC /* XCRemoteSwiftPackageReference "PinLayout" */,
			);
			productRefGroup = 25B6BFC82999161800C3A43F /* Products */;
			projectDirPath = "";
			projectRoot = "";
			targets = (
				25B6BFC62999161800C3A43F /* taskManager */,
				25B99EE029C3580900761501 /* taskManagerTests */,
			);
		};
/* End PBXProject section */

/* Begin PBXResourcesBuildPhase section */
		25B6BFC52999161800C3A43F /* Resources */ = {
			isa = PBXResourcesBuildPhase;
			buildActionMask = 2147483647;
			files = (
				25B6BFD72999161900C3A43F /* LaunchScreen.storyboard in Resources */,
				5A48065A29DCDA500096B7D8 /* Localizable.strings in Resources */,
				25B6BFD42999161900C3A43F /* Assets.xcassets in Resources */,
			);
			runOnlyForDeploymentPostprocessing = 0;
		};
		25B99EDF29C3580900761501 /* Resources */ = {
			isa = PBXResourcesBuildPhase;
			buildActionMask = 2147483647;
			files = (
			);
			runOnlyForDeploymentPostprocessing = 0;
		};
/* End PBXResourcesBuildPhase section */

/* Begin PBXShellScriptBuildPhase section */
		2507318A29E013B4009CE65C /* SwiftGen */ = {
			isa = PBXShellScriptBuildPhase;
			alwaysOutOfDate = 1;
			buildActionMask = 2147483647;
			files = (
			);
			inputFileListPaths = (
			);
			inputPaths = (
			);
			name = SwiftGen;
			outputFileListPaths = (
			);
			outputPaths = (
				"$(SRCROOT)/taskManager/Supporting files/Resources/Autogenerated/Assets.swift",
				"$(SRCROOT)/taskManager/Supporting files/Resources/Autogenerated/Strings.swift",
			);
			runOnlyForDeploymentPostprocessing = 0;
			shellPath = /bin/sh;
			shellScript = "taskManager/SwiftGen/swiftgen.sh\n";
		};
		8A019A0A29BC92F400F5514B /* SwiftLint */ = {
			isa = PBXShellScriptBuildPhase;
			alwaysOutOfDate = 1;
			buildActionMask = 12;
			files = (
			);
			inputFileListPaths = (
			);
			inputPaths = (
			);
			name = SwiftLint;
			outputFileListPaths = (
			);
			outputPaths = (
			);
			runOnlyForDeploymentPostprocessing = 0;
			shellPath = /bin/sh;
			shellScript = "export PATH=\"$PATH:/opt/homebrew/bin\"\nif which swiftlint > /dev/null; then\n\tswiftlint\nelse\n\techo \"warning: SwiftLint not installed, download from https://github.com/realm/SwiftLint\"\n\texit 1\nfi\n";
		};
/* End PBXShellScriptBuildPhase section */

/* Begin PBXSourcesBuildPhase section */
		25B6BFC32999161800C3A43F /* Sources */ = {
			isa = PBXSourcesBuildPhase;
			buildActionMask = 2147483647;
			files = (
				25CF686B29A64B4B00E758E7 /* LoginViewController.swift in Sources */,
				25B6BFCF2999161800C3A43F /* TaskListViewController.swift in Sources */,
				25CF686A29A64B4B00E758E7 /* LoginModels.swift in Sources */,
				25B6BFCB2999161800C3A43F /* AppDelegate.swift in Sources */,
				601D8D7329C22E8B00C25C4F /* TaskRepository.swift in Sources */,
				AB0A6C8F29E3FE08003B2F5E /* TaskListSceneAccessibilityIdentifier.swift in Sources */,
				25B6BFF129995F1700C3A43F /* RegularTaskTableViewCell.swift in Sources */,
				258DB09D29A0E9D300C03B47 /* SectionManager.swift in Sources */,
				2580E4CB29B9BE9D00C54457 /* LoginAssembly.swift in Sources */,
				2507319329E017F0009CE65C /* Assets.swift in Sources */,
				25CF686829A64B4B00E758E7 /* LoginWorker.swift in Sources */,
				2507319429E017F0009CE65C /* Strings.swift in Sources */,
				60D8DDC529DEFB0A009606E5 /* UIColor+Hex.swift in Sources */,
				25B6BFE829995C6000C3A43F /* CellViewModel.swift in Sources */,
				2569096D29A24A9F00A0129C /* TaskListPresenter.swift in Sources */,
				60D8DDC729DEFBD5009606E5 /* Theme.swift in Sources */,
				25CF686C29A64B4B00E758E7 /* LoginInteractor.swift in Sources */,
				25CF688329A6721B00E758E7 /* TaskLisInteractor.swift in Sources */,
				25CF686729A64B4B00E758E7 /* LoginPresenter.swift in Sources */,
				2580E4CD29B9BFC400C54457 /* TaskListAssembly.swift in Sources */,
				5A48065F29DCDAFD0096B7D8 /* String+Localized.swift in Sources */,
				25B6BFF929995F6E00C3A43F /* ImportantTaskTableViewCell.swift in Sources */,
				25B6BFFF2999634600C3A43F /* UITableView.swift in Sources */,
				AB0A6C8B29E3F6C7003B2F5E /* LoginSceneAccessibilityIdentifier.swift in Sources */,
				25CF686929A64B4B00E758E7 /* LoginRouter.swift in Sources */,
				25B6C00129996C9D00C3A43F /* Date.swift in Sources */,
				25B6BFCD2999161800C3A43F /* SceneDelegate.swift in Sources */,
				25CF686029A63B7C00E758E7 /* TaskListModel.swift in Sources */,
				25B6BFFC2999621F00C3A43F /* Constants.swift in Sources */,
			);
			runOnlyForDeploymentPostprocessing = 0;
		};
		25B99EDD29C3580900761501 /* Sources */ = {
			isa = PBXSourcesBuildPhase;
			buildActionMask = 2147483647;
			files = (
				8AAAE69129D60491003AB5A0 /* TaskListInteractorSpy.swift in Sources */,
				8A12969829D7506C0004651C /* TaskListInteractorTests.swift in Sources */,
				6001584A29D329D60013D3A8 /* LoginViewControllerTests.swift in Sources */,
				6001584829D329BB0013D3A8 /* LoginInteractorTest.swift in Sources */,
				AB7FAC3629C3B19F00A6A8BE /* TaskRepositoryTests.swift in Sources */,
				AB0DC66429D346B900A2856C /* TaskPresenterTests.swift in Sources */,
				AB0DC66729D3878500A2856C /* TaskListViewControllerSpy.swift in Sources */,
				25B99EEB29C3584600761501 /* SectionManagerTests.swift in Sources */,
				6001584C29D329EF0013D3A8 /* LoginPresenterTests.swift in Sources */,
				60D8DDC929DEFD80009606E5 /* UIColorHexTests.swift in Sources */,
				8A12969729D7504A0004651C /* TaskListPresenterSpy.swift in Sources */,
				6001584229D326760013D3A8 /* LoginWorkerSpy.swift in Sources */,
				6001584429D327870013D3A8 /* LoginInteractorSpy.swift in Sources */,
				250F98AE29C3B5B600862615 /* WorkerTests.swift in Sources */,
				8A12969629D7504A0004651C /* SectionManagerSpy.swift in Sources */,
				8ABAC5F329D49265003E30E3 /* TaskListViewControllerTests.swift in Sources */,
				6001584029D325BB0013D3A8 /* LoginPresenterSpy.swift in Sources */,
				6001584629D329010013D3A8 /* LoginViewControllerSpy.swift in Sources */,
			);
			runOnlyForDeploymentPostprocessing = 0;
		};
/* End PBXSourcesBuildPhase section */

/* Begin PBXTargetDependency section */
		25B99EE629C3580900761501 /* PBXTargetDependency */ = {
			isa = PBXTargetDependency;
			target = 25B6BFC62999161800C3A43F /* taskManager */;
			targetProxy = 25B99EE529C3580900761501 /* PBXContainerItemProxy */;
		};
/* End PBXTargetDependency section */

/* Begin PBXVariantGroup section */
		25B6BFD52999161900C3A43F /* LaunchScreen.storyboard */ = {
			isa = PBXVariantGroup;
			children = (
				25B6BFD62999161900C3A43F /* Base */,
				5A48065729DC67F10096B7D8 /* ru */,
			);
			name = LaunchScreen.storyboard;
			sourceTree = "<group>";
		};
		5A48065C29DCDA500096B7D8 /* Localizable.strings */ = {
			isa = PBXVariantGroup;
			children = (
				5A48065B29DCDA500096B7D8 /* en */,
				5A48065D29DCDA540096B7D8 /* ru */,
			);
			name = Localizable.strings;
			sourceTree = "<group>";
		};
/* End PBXVariantGroup section */

/* Begin XCBuildConfiguration section */
		25B6BFD92999161900C3A43F /* Debug */ = {
			isa = XCBuildConfiguration;
			buildSettings = {
				ALWAYS_SEARCH_USER_PATHS = NO;
				CLANG_ANALYZER_LOCALIZABILITY_NONLOCALIZED = YES;
				CLANG_ANALYZER_NONNULL = YES;
				CLANG_ANALYZER_NUMBER_OBJECT_CONVERSION = YES_AGGRESSIVE;
				CLANG_CXX_LANGUAGE_STANDARD = "gnu++20";
				CLANG_ENABLE_MODULES = YES;
				CLANG_ENABLE_OBJC_ARC = YES;
				CLANG_ENABLE_OBJC_WEAK = YES;
				CLANG_WARN_BLOCK_CAPTURE_AUTORELEASING = YES;
				CLANG_WARN_BOOL_CONVERSION = YES;
				CLANG_WARN_COMMA = YES;
				CLANG_WARN_CONSTANT_CONVERSION = YES;
				CLANG_WARN_DEPRECATED_OBJC_IMPLEMENTATIONS = YES;
				CLANG_WARN_DIRECT_OBJC_ISA_USAGE = YES_ERROR;
				CLANG_WARN_DOCUMENTATION_COMMENTS = YES;
				CLANG_WARN_EMPTY_BODY = YES;
				CLANG_WARN_ENUM_CONVERSION = YES;
				CLANG_WARN_INFINITE_RECURSION = YES;
				CLANG_WARN_INT_CONVERSION = YES;
				CLANG_WARN_NON_LITERAL_NULL_CONVERSION = YES;
				CLANG_WARN_OBJC_IMPLICIT_RETAIN_SELF = YES;
				CLANG_WARN_OBJC_LITERAL_CONVERSION = YES;
				CLANG_WARN_OBJC_ROOT_CLASS = YES_ERROR;
				CLANG_WARN_QUOTED_INCLUDE_IN_FRAMEWORK_HEADER = YES;
				CLANG_WARN_RANGE_LOOP_ANALYSIS = YES;
				CLANG_WARN_STRICT_PROTOTYPES = YES;
				CLANG_WARN_SUSPICIOUS_MOVE = YES;
				CLANG_WARN_UNGUARDED_AVAILABILITY = YES_AGGRESSIVE;
				CLANG_WARN_UNREACHABLE_CODE = YES;
				CLANG_WARN__DUPLICATE_METHOD_MATCH = YES;
				COPY_PHASE_STRIP = NO;
				DEBUG_INFORMATION_FORMAT = dwarf;
				ENABLE_STRICT_OBJC_MSGSEND = YES;
				ENABLE_TESTABILITY = YES;
				GCC_C_LANGUAGE_STANDARD = gnu11;
				GCC_DYNAMIC_NO_PIC = NO;
				GCC_NO_COMMON_BLOCKS = YES;
				GCC_OPTIMIZATION_LEVEL = 0;
				GCC_PREPROCESSOR_DEFINITIONS = (
					"DEBUG=1",
					"$(inherited)",
				);
				GCC_WARN_64_TO_32_BIT_CONVERSION = YES;
				GCC_WARN_ABOUT_RETURN_TYPE = YES_ERROR;
				GCC_WARN_UNDECLARED_SELECTOR = YES;
				GCC_WARN_UNINITIALIZED_AUTOS = YES_AGGRESSIVE;
				GCC_WARN_UNUSED_FUNCTION = YES;
				GCC_WARN_UNUSED_VARIABLE = YES;
				IPHONEOS_DEPLOYMENT_TARGET = 15.0;
				MTL_ENABLE_DEBUG_INFO = INCLUDE_SOURCE;
				MTL_FAST_MATH = YES;
				ONLY_ACTIVE_ARCH = YES;
				SDKROOT = iphoneos;
				SWIFT_ACTIVE_COMPILATION_CONDITIONS = DEBUG;
				SWIFT_OPTIMIZATION_LEVEL = "-Onone";
			};
			name = Debug;
		};
		25B6BFDA2999161900C3A43F /* Release */ = {
			isa = XCBuildConfiguration;
			buildSettings = {
				ALWAYS_SEARCH_USER_PATHS = NO;
				CLANG_ANALYZER_LOCALIZABILITY_NONLOCALIZED = YES;
				CLANG_ANALYZER_NONNULL = YES;
				CLANG_ANALYZER_NUMBER_OBJECT_CONVERSION = YES_AGGRESSIVE;
				CLANG_CXX_LANGUAGE_STANDARD = "gnu++20";
				CLANG_ENABLE_MODULES = YES;
				CLANG_ENABLE_OBJC_ARC = YES;
				CLANG_ENABLE_OBJC_WEAK = YES;
				CLANG_WARN_BLOCK_CAPTURE_AUTORELEASING = YES;
				CLANG_WARN_BOOL_CONVERSION = YES;
				CLANG_WARN_COMMA = YES;
				CLANG_WARN_CONSTANT_CONVERSION = YES;
				CLANG_WARN_DEPRECATED_OBJC_IMPLEMENTATIONS = YES;
				CLANG_WARN_DIRECT_OBJC_ISA_USAGE = YES_ERROR;
				CLANG_WARN_DOCUMENTATION_COMMENTS = YES;
				CLANG_WARN_EMPTY_BODY = YES;
				CLANG_WARN_ENUM_CONVERSION = YES;
				CLANG_WARN_INFINITE_RECURSION = YES;
				CLANG_WARN_INT_CONVERSION = YES;
				CLANG_WARN_NON_LITERAL_NULL_CONVERSION = YES;
				CLANG_WARN_OBJC_IMPLICIT_RETAIN_SELF = YES;
				CLANG_WARN_OBJC_LITERAL_CONVERSION = YES;
				CLANG_WARN_OBJC_ROOT_CLASS = YES_ERROR;
				CLANG_WARN_QUOTED_INCLUDE_IN_FRAMEWORK_HEADER = YES;
				CLANG_WARN_RANGE_LOOP_ANALYSIS = YES;
				CLANG_WARN_STRICT_PROTOTYPES = YES;
				CLANG_WARN_SUSPICIOUS_MOVE = YES;
				CLANG_WARN_UNGUARDED_AVAILABILITY = YES_AGGRESSIVE;
				CLANG_WARN_UNREACHABLE_CODE = YES;
				CLANG_WARN__DUPLICATE_METHOD_MATCH = YES;
				COPY_PHASE_STRIP = NO;
				DEBUG_INFORMATION_FORMAT = "dwarf-with-dsym";
				ENABLE_NS_ASSERTIONS = NO;
				ENABLE_STRICT_OBJC_MSGSEND = YES;
				GCC_C_LANGUAGE_STANDARD = gnu11;
				GCC_NO_COMMON_BLOCKS = YES;
				GCC_WARN_64_TO_32_BIT_CONVERSION = YES;
				GCC_WARN_ABOUT_RETURN_TYPE = YES_ERROR;
				GCC_WARN_UNDECLARED_SELECTOR = YES;
				GCC_WARN_UNINITIALIZED_AUTOS = YES_AGGRESSIVE;
				GCC_WARN_UNUSED_FUNCTION = YES;
				GCC_WARN_UNUSED_VARIABLE = YES;
				IPHONEOS_DEPLOYMENT_TARGET = 15.0;
				MTL_ENABLE_DEBUG_INFO = NO;
				MTL_FAST_MATH = YES;
				SDKROOT = iphoneos;
				SWIFT_COMPILATION_MODE = wholemodule;
				SWIFT_OPTIMIZATION_LEVEL = "-O";
				VALIDATE_PRODUCT = YES;
			};
			name = Release;
		};
		25B6BFDC2999161900C3A43F /* Debug */ = {
			isa = XCBuildConfiguration;
			buildSettings = {
				ASSETCATALOG_COMPILER_APPICON_NAME = AppIcon;
				ASSETCATALOG_COMPILER_GLOBAL_ACCENT_COLOR_NAME = AccentColor;
				CODE_SIGN_IDENTITY = "Apple Development";
				CODE_SIGN_STYLE = Automatic;
				CURRENT_PROJECT_VERSION = 1;
				DEVELOPMENT_TEAM = F5BJS4MMJH;
				GENERATE_INFOPLIST_FILE = YES;
				INFOPLIST_FILE = taskManager/Info.plist;
				INFOPLIST_KEY_UIApplicationSupportsIndirectInputEvents = YES;
				INFOPLIST_KEY_UILaunchStoryboardName = LaunchScreen;
				INFOPLIST_KEY_UISupportedInterfaceOrientations = UIInterfaceOrientationPortrait;
				IPHONEOS_DEPLOYMENT_TARGET = 15.0;
				LD_RUNPATH_SEARCH_PATHS = (
					"$(inherited)",
					"@executable_path/Frameworks",
				);
				MARKETING_VERSION = 1.0.0;
				PRODUCT_BUNDLE_IDENTIFIER = davidtonoyan.taskManager;
				PRODUCT_NAME = "$(TARGET_NAME)";
				PROVISIONING_PROFILE_SPECIFIER = "";
				SUPPORTED_PLATFORMS = "iphoneos iphonesimulator";
				SUPPORTS_MACCATALYST = NO;
				SUPPORTS_MAC_DESIGNED_FOR_IPHONE_IPAD = NO;
				SWIFT_EMIT_LOC_STRINGS = YES;
				SWIFT_VERSION = 5.0;
				TARGETED_DEVICE_FAMILY = 1;
			};
			name = Debug;
		};
		25B6BFDD2999161900C3A43F /* Release */ = {
			isa = XCBuildConfiguration;
			buildSettings = {
				ASSETCATALOG_COMPILER_APPICON_NAME = AppIcon;
				ASSETCATALOG_COMPILER_GLOBAL_ACCENT_COLOR_NAME = AccentColor;
				CODE_SIGN_IDENTITY = "Apple Development";
				CODE_SIGN_STYLE = Automatic;
				CURRENT_PROJECT_VERSION = 1;
				DEVELOPMENT_TEAM = F5BJS4MMJH;
				GENERATE_INFOPLIST_FILE = YES;
				INFOPLIST_FILE = taskManager/Info.plist;
				INFOPLIST_KEY_UIApplicationSupportsIndirectInputEvents = YES;
				INFOPLIST_KEY_UILaunchStoryboardName = LaunchScreen;
				INFOPLIST_KEY_UISupportedInterfaceOrientations = UIInterfaceOrientationPortrait;
				IPHONEOS_DEPLOYMENT_TARGET = 15.0;
				LD_RUNPATH_SEARCH_PATHS = (
					"$(inherited)",
					"@executable_path/Frameworks",
				);
				MARKETING_VERSION = 1.0.0;
				PRODUCT_BUNDLE_IDENTIFIER = davidtonoyan.taskManager;
				PRODUCT_NAME = "$(TARGET_NAME)";
				PROVISIONING_PROFILE_SPECIFIER = "";
				SUPPORTED_PLATFORMS = "iphoneos iphonesimulator";
				SUPPORTS_MACCATALYST = NO;
				SUPPORTS_MAC_DESIGNED_FOR_IPHONE_IPAD = NO;
				SWIFT_EMIT_LOC_STRINGS = YES;
				SWIFT_VERSION = 5.0;
				TARGETED_DEVICE_FAMILY = 1;
			};
			name = Release;
		};
		25B99EE829C3580900761501 /* Debug */ = {
			isa = XCBuildConfiguration;
			buildSettings = {
				BUNDLE_LOADER = "$(TEST_HOST)";
				CODE_SIGN_STYLE = Automatic;
				CURRENT_PROJECT_VERSION = 1;
				DEAD_CODE_STRIPPING = YES;
				DEVELOPMENT_TEAM = F5BJS4MMJH;
				GENERATE_INFOPLIST_FILE = YES;
				IPHONEOS_DEPLOYMENT_TARGET = 15.0;
				MACOSX_DEPLOYMENT_TARGET = 11.5;
				MARKETING_VERSION = 1.0;
				PRODUCT_BUNDLE_IDENTIFIER = davidtonoyan.taskManagerTests;
				PRODUCT_NAME = "$(TARGET_NAME)";
				SDKROOT = iphoneos;
				SUPPORTED_PLATFORMS = "iphoneos iphonesimulator";
				SUPPORTS_MACCATALYST = NO;
				SUPPORTS_MAC_DESIGNED_FOR_IPHONE_IPAD = NO;
				SWIFT_EMIT_LOC_STRINGS = NO;
				SWIFT_VERSION = 5.0;
				TARGETED_DEVICE_FAMILY = 1;
				TEST_HOST = "$(BUILT_PRODUCTS_DIR)/taskManager.app/taskManager";
			};
			name = Debug;
		};
		25B99EE929C3580900761501 /* Release */ = {
			isa = XCBuildConfiguration;
			buildSettings = {
				BUNDLE_LOADER = "$(TEST_HOST)";
				CODE_SIGN_STYLE = Automatic;
				CURRENT_PROJECT_VERSION = 1;
				DEAD_CODE_STRIPPING = YES;
				DEVELOPMENT_TEAM = F5BJS4MMJH;
				GENERATE_INFOPLIST_FILE = YES;
				IPHONEOS_DEPLOYMENT_TARGET = 15.0;
				MACOSX_DEPLOYMENT_TARGET = 11.5;
				MARKETING_VERSION = 1.0;
				PRODUCT_BUNDLE_IDENTIFIER = davidtonoyan.taskManagerTests;
				PRODUCT_NAME = "$(TARGET_NAME)";
				SDKROOT = iphoneos;
				SUPPORTED_PLATFORMS = "iphoneos iphonesimulator";
				SUPPORTS_MACCATALYST = NO;
				SUPPORTS_MAC_DESIGNED_FOR_IPHONE_IPAD = NO;
				SWIFT_EMIT_LOC_STRINGS = NO;
				SWIFT_VERSION = 5.0;
				TARGETED_DEVICE_FAMILY = 1;
				TEST_HOST = "$(BUILT_PRODUCTS_DIR)/taskManager.app/taskManager";
			};
			name = Release;
		};
/* End XCBuildConfiguration section */

/* Begin XCConfigurationList section */
		25B6BFC22999161800C3A43F /* Build configuration list for PBXProject "taskManager" */ = {
			isa = XCConfigurationList;
			buildConfigurations = (
				25B6BFD92999161900C3A43F /* Debug */,
				25B6BFDA2999161900C3A43F /* Release */,
			);
			defaultConfigurationIsVisible = 0;
			defaultConfigurationName = Release;
		};
		25B6BFDB2999161900C3A43F /* Build configuration list for PBXNativeTarget "taskManager" */ = {
			isa = XCConfigurationList;
			buildConfigurations = (
				25B6BFDC2999161900C3A43F /* Debug */,
				25B6BFDD2999161900C3A43F /* Release */,
			);
			defaultConfigurationIsVisible = 0;
			defaultConfigurationName = Release;
		};
		25B99EE729C3580900761501 /* Build configuration list for PBXNativeTarget "taskManagerTests" */ = {
			isa = XCConfigurationList;
			buildConfigurations = (
				25B99EE829C3580900761501 /* Debug */,
				25B99EE929C3580900761501 /* Release */,
			);
			defaultConfigurationIsVisible = 0;
			defaultConfigurationName = Release;
		};
/* End XCConfigurationList section */

/* Begin XCRemoteSwiftPackageReference section */
		60EC171D29D82FE1004894CC /* XCRemoteSwiftPackageReference "PinLayout" */ = {
			isa = XCRemoteSwiftPackageReference;
			repositoryURL = "https://github.com/layoutBox/PinLayout";
			requirement = {
				kind = upToNextMajorVersion;
				minimumVersion = 1.0.0;
			};
		};
/* End XCRemoteSwiftPackageReference section */

/* Begin XCSwiftPackageProductDependency section */
		60993BD629C22C1900D4B908 /* TaskManagerPackage */ = {
			isa = XCSwiftPackageProductDependency;
			productName = TaskManagerPackage;
		};
		60EC171E29D82FE1004894CC /* PinLayout */ = {
			isa = XCSwiftPackageProductDependency;
			package = 60EC171D29D82FE1004894CC /* XCRemoteSwiftPackageReference "PinLayout" */;
			productName = PinLayout;
		};
/* End XCSwiftPackageProductDependency section */
	};
	rootObject = 25B6BFBF2999161800C3A43F /* Project object */;
}
